// !$*UTF8*$!
{
	archiveVersion = 1;
	classes = {
	};
	objectVersion = 56;
	objects = {

/* Begin PBXBuildFile section */
		AE78B9DD2A06BB7000CCC220 /* ObjectParse.swift in Sources */ = {isa = PBXBuildFile; fileRef = AE78B9DC2A06BB7000CCC220 /* ObjectParse.swift */; };
		AE9240472A01E8BC002E40B8 /* TranslateModuleApp.swift in Sources */ = {isa = PBXBuildFile; fileRef = AE9240462A01E8BC002E40B8 /* TranslateModuleApp.swift */; };
		AE9240492A01E8BC002E40B8 /* ContentView.swift in Sources */ = {isa = PBXBuildFile; fileRef = AE9240482A01E8BC002E40B8 /* ContentView.swift */; };
		AE92404B2A01E8BD002E40B8 /* Assets.xcassets in Resources */ = {isa = PBXBuildFile; fileRef = AE92404A2A01E8BD002E40B8 /* Assets.xcassets */; };
		AE92404E2A01E8BD002E40B8 /* Preview Assets.xcassets in Resources */ = {isa = PBXBuildFile; fileRef = AE92404D2A01E8BD002E40B8 /* Preview Assets.xcassets */; };
		AE9240552A021ACF002E40B8 /* TranslateModel.swift in Sources */ = {isa = PBXBuildFile; fileRef = AE9240542A021ACF002E40B8 /* TranslateModel.swift */; };
		E72FC33886E9FC845C962569 /* Pods_TranslateModule.framework in Frameworks */ = {isa = PBXBuildFile; fileRef = 5002786B2F4DA9E1E8202E23 /* Pods_TranslateModule.framework */; };
/* End PBXBuildFile section */

/* Begin PBXFileReference section */
		3E3E54FE38D256E33D03DB67 /* Pods-TranslateModule.release.xcconfig */ = {isa = PBXFileReference; includeInIndex = 1; lastKnownFileType = text.xcconfig; name = "Pods-TranslateModule.release.xcconfig"; path = "Target Support Files/Pods-TranslateModule/Pods-TranslateModule.release.xcconfig"; sourceTree = "<group>"; };
		5002786B2F4DA9E1E8202E23 /* Pods_TranslateModule.framework */ = {isa = PBXFileReference; explicitFileType = wrapper.framework; includeInIndex = 0; path = Pods_TranslateModule.framework; sourceTree = BUILT_PRODUCTS_DIR; };
		AE78B9DC2A06BB7000CCC220 /* ObjectParse.swift */ = {isa = PBXFileReference; lastKnownFileType = sourcecode.swift; path = ObjectParse.swift; sourceTree = "<group>"; };
		AE9240432A01E8BC002E40B8 /* TranslateModule.app */ = {isa = PBXFileReference; explicitFileType = wrapper.application; includeInIndex = 0; path = TranslateModule.app; sourceTree = BUILT_PRODUCTS_DIR; };
		AE9240462A01E8BC002E40B8 /* TranslateModuleApp.swift */ = {isa = PBXFileReference; lastKnownFileType = sourcecode.swift; path = TranslateModuleApp.swift; sourceTree = "<group>"; };
		AE9240482A01E8BC002E40B8 /* ContentView.swift */ = {isa = PBXFileReference; lastKnownFileType = sourcecode.swift; path = ContentView.swift; sourceTree = "<group>"; };
		AE92404A2A01E8BD002E40B8 /* Assets.xcassets */ = {isa = PBXFileReference; lastKnownFileType = folder.assetcatalog; path = Assets.xcassets; sourceTree = "<group>"; };
		AE92404D2A01E8BD002E40B8 /* Preview Assets.xcassets */ = {isa = PBXFileReference; lastKnownFileType = folder.assetcatalog; path = "Preview Assets.xcassets"; sourceTree = "<group>"; };
		AE9240542A021ACF002E40B8 /* TranslateModel.swift */ = {isa = PBXFileReference; lastKnownFileType = sourcecode.swift; path = TranslateModel.swift; sourceTree = "<group>"; };
		D83C0EE7896BFCFE18EB8587 /* Pods-TranslateModule.debug.xcconfig */ = {isa = PBXFileReference; includeInIndex = 1; lastKnownFileType = text.xcconfig; name = "Pods-TranslateModule.debug.xcconfig"; path = "Target Support Files/Pods-TranslateModule/Pods-TranslateModule.debug.xcconfig"; sourceTree = "<group>"; };
/* End PBXFileReference section */

/* Begin PBXFrameworksBuildPhase section */
		AE9240402A01E8BC002E40B8 /* Frameworks */ = {
			isa = PBXFrameworksBuildPhase;
			buildActionMask = 2147483647;
			files = (
				E72FC33886E9FC845C962569 /* Pods_TranslateModule.framework in Frameworks */,
			);
			runOnlyForDeploymentPostprocessing = 0;
		};
/* End PBXFrameworksBuildPhase section */

/* Begin PBXGroup section */
		2F579631182BE6E5230A6058 /* Pods */ = {
			isa = PBXGroup;
			children = (
				D83C0EE7896BFCFE18EB8587 /* Pods-TranslateModule.debug.xcconfig */,
				3E3E54FE38D256E33D03DB67 /* Pods-TranslateModule.release.xcconfig */,
			);
			path = Pods;
			sourceTree = "<group>";
		};
		AE92403A2A01E8BC002E40B8 = {
			isa = PBXGroup;
			children = (
				AE9240452A01E8BC002E40B8 /* TranslateModule */,
				AE9240442A01E8BC002E40B8 /* Products */,
				2F579631182BE6E5230A6058 /* Pods */,
				F1912EC12AA5A32D5D7E5593 /* Frameworks */,
			);
			sourceTree = "<group>";
		};
		AE9240442A01E8BC002E40B8 /* Products */ = {
			isa = PBXGroup;
			children = (
				AE9240432A01E8BC002E40B8 /* TranslateModule.app */,
			);
			name = Products;
			sourceTree = "<group>";
		};
		AE9240452A01E8BC002E40B8 /* TranslateModule */ = {
			isa = PBXGroup;
			children = (
				AE9240462A01E8BC002E40B8 /* TranslateModuleApp.swift */,
				AE78B9DC2A06BB7000CCC220 /* ObjectParse.swift */,
				AE9240542A021ACF002E40B8 /* TranslateModel.swift */,
				AE9240482A01E8BC002E40B8 /* ContentView.swift */,
				AE92404A2A01E8BD002E40B8 /* Assets.xcassets */,
				AE92404C2A01E8BD002E40B8 /* Preview Content */,
			);
			path = TranslateModule;
			sourceTree = "<group>";
		};
		AE92404C2A01E8BD002E40B8 /* Preview Content */ = {
			isa = PBXGroup;
			children = (
				AE92404D2A01E8BD002E40B8 /* Preview Assets.xcassets */,
			);
			path = "Preview Content";
			sourceTree = "<group>";
		};
		F1912EC12AA5A32D5D7E5593 /* Frameworks */ = {
			isa = PBXGroup;
			children = (
				5002786B2F4DA9E1E8202E23 /* Pods_TranslateModule.framework */,
			);
			name = Frameworks;
			sourceTree = "<group>";
		};
/* End PBXGroup section */

/* Begin PBXNativeTarget section */
		AE9240422A01E8BC002E40B8 /* TranslateModule */ = {
			isa = PBXNativeTarget;
			buildConfigurationList = AE9240512A01E8BD002E40B8 /* Build configuration list for PBXNativeTarget "TranslateModule" */;
			buildPhases = (
				F5C81F1109A8E9C90A2A05B0 /* [CP] Check Pods Manifest.lock */,
				AE92403F2A01E8BC002E40B8 /* Sources */,
				AE9240402A01E8BC002E40B8 /* Frameworks */,
				AE9240412A01E8BC002E40B8 /* Resources */,
				3267ECA56A293F178B1D3F0B /* [CP] Embed Pods Frameworks */,
			);
			buildRules = (
			);
			dependencies = (
			);
			name = TranslateModule;
			productName = TranslateModule;
			productReference = AE9240432A01E8BC002E40B8 /* TranslateModule.app */;
			productType = "com.apple.product-type.application";
		};
/* End PBXNativeTarget section */

/* Begin PBXProject section */
		AE92403B2A01E8BC002E40B8 /* Project object */ = {
			isa = PBXProject;
			attributes = {
				BuildIndependentTargetsInParallel = 1;
				LastSwiftUpdateCheck = 1420;
				LastUpgradeCheck = 1420;
				TargetAttributes = {
					AE9240422A01E8BC002E40B8 = {
						CreatedOnToolsVersion = 14.2;
					};
				};
			};
			buildConfigurationList = AE92403E2A01E8BC002E40B8 /* Build configuration list for PBXProject "TranslateModule" */;
			compatibilityVersion = "Xcode 14.0";
			developmentRegion = en;
			hasScannedForEncodings = 0;
			knownRegions = (
				en,
				Base,
			);
			mainGroup = AE92403A2A01E8BC002E40B8;
			productRefGroup = AE9240442A01E8BC002E40B8 /* Products */;
			projectDirPath = "";
			projectRoot = "";
			targets = (
				AE9240422A01E8BC002E40B8 /* TranslateModule */,
			);
		};
/* End PBXProject section */

/* Begin PBXResourcesBuildPhase section */
		AE9240412A01E8BC002E40B8 /* Resources */ = {
			isa = PBXResourcesBuildPhase;
			buildActionMask = 2147483647;
			files = (
				AE92404E2A01E8BD002E40B8 /* Preview Assets.xcassets in Resources */,
				AE92404B2A01E8BD002E40B8 /* Assets.xcassets in Resources */,
			);
			runOnlyForDeploymentPostprocessing = 0;
		};
/* End PBXResourcesBuildPhase section */

/* Begin PBXShellScriptBuildPhase section */
		3267ECA56A293F178B1D3F0B /* [CP] Embed Pods Frameworks */ = {
			isa = PBXShellScriptBuildPhase;
			buildActionMask = 2147483647;
			files = (
			);
			inputFileListPaths = (
				"${PODS_ROOT}/Target Support Files/Pods-TranslateModule/Pods-TranslateModule-frameworks-${CONFIGURATION}-input-files.xcfilelist",
			);
			name = "[CP] Embed Pods Frameworks";
			outputFileListPaths = (
				"${PODS_ROOT}/Target Support Files/Pods-TranslateModule/Pods-TranslateModule-frameworks-${CONFIGURATION}-output-files.xcfilelist",
			);
			runOnlyForDeploymentPostprocessing = 0;
			shellPath = /bin/sh;
			shellScript = "\"${PODS_ROOT}/Target Support Files/Pods-TranslateModule/Pods-TranslateModule-frameworks.sh\"\n";
			showEnvVarsInLog = 0;
		};
		F5C81F1109A8E9C90A2A05B0 /* [CP] Check Pods Manifest.lock */ = {
			isa = PBXShellScriptBuildPhase;
			buildActionMask = 2147483647;
			files = (
			);
			inputFileListPaths = (
			);
			inputPaths = (
				"${PODS_PODFILE_DIR_PATH}/Podfile.lock",
				"${PODS_ROOT}/Manifest.lock",
			);
			name = "[CP] Check Pods Manifest.lock";
			outputFileListPaths = (
			);
			outputPaths = (
				"$(DERIVED_FILE_DIR)/Pods-TranslateModule-checkManifestLockResult.txt",
			);
			runOnlyForDeploymentPostprocessing = 0;
			shellPath = /bin/sh;
			shellScript = "diff \"${PODS_PODFILE_DIR_PATH}/Podfile.lock\" \"${PODS_ROOT}/Manifest.lock\" > /dev/null\nif [ $? != 0 ] ; then\n    # print error to STDERR\n    echo \"error: The sandbox is not in sync with the Podfile.lock. Run 'pod install' or update your CocoaPods installation.\" >&2\n    exit 1\nfi\n# This output is used by Xcode 'outputs' to avoid re-running this script phase.\necho \"SUCCESS\" > \"${SCRIPT_OUTPUT_FILE_0}\"\n";
			showEnvVarsInLog = 0;
		};
/* End PBXShellScriptBuildPhase section */

/* Begin PBXSourcesBuildPhase section */
		AE92403F2A01E8BC002E40B8 /* Sources */ = {
			isa = PBXSourcesBuildPhase;
			buildActionMask = 2147483647;
			files = (
				AE9240552A021ACF002E40B8 /* TranslateModel.swift in Sources */,
				AE9240492A01E8BC002E40B8 /* ContentView.swift in Sources */,
				AE78B9DD2A06BB7000CCC220 /* ObjectParse.swift in Sources */,
				AE9240472A01E8BC002E40B8 /* TranslateModuleApp.swift in Sources */,
			);
			runOnlyForDeploymentPostprocessing = 0;
		};
/* End PBXSourcesBuildPhase section */

/* Begin XCBuildConfiguration section */
		AE92404F2A01E8BD002E40B8 /* Debug */ = {
			isa = XCBuildConfiguration;
			buildSettings = {
				ALWAYS_SEARCH_USER_PATHS = NO;
				CLANG_ANALYZER_NONNULL = YES;
				CLANG_ANALYZER_NUMBER_OBJECT_CONVERSION = YES_AGGRESSIVE;
				CLANG_CXX_LANGUAGE_STANDARD = "gnu++20";
				CLANG_ENABLE_MODULES = YES;
				CLANG_ENABLE_OBJC_ARC = YES;
				CLANG_ENABLE_OBJC_WEAK = YES;
				CLANG_WARN_BLOCK_CAPTURE_AUTORELEASING = YES;
				CLANG_WARN_BOOL_CONVERSION = YES;
				CLANG_WARN_COMMA = YES;
				CLANG_WARN_CONSTANT_CONVERSION = YES;
				CLANG_WARN_DEPRECATED_OBJC_IMPLEMENTATIONS = YES;
				CLANG_WARN_DIRECT_OBJC_ISA_USAGE = YES_ERROR;
				CLANG_WARN_DOCUMENTATION_COMMENTS = YES;
				CLANG_WARN_EMPTY_BODY = YES;
				CLANG_WARN_ENUM_CONVERSION = YES;
				CLANG_WARN_INFINITE_RECURSION = YES;
				CLANG_WARN_INT_CONVERSION = YES;
				CLANG_WARN_NON_LITERAL_NULL_CONVERSION = YES;
				CLANG_WARN_OBJC_IMPLICIT_RETAIN_SELF = YES;
				CLANG_WARN_OBJC_LITERAL_CONVERSION = YES;
				CLANG_WARN_OBJC_ROOT_CLASS = YES_ERROR;
				CLANG_WARN_QUOTED_INCLUDE_IN_FRAMEWORK_HEADER = YES;
				CLANG_WARN_RANGE_LOOP_ANALYSIS = YES;
				CLANG_WARN_STRICT_PROTOTYPES = YES;
				CLANG_WARN_SUSPICIOUS_MOVE = YES;
				CLANG_WARN_UNGUARDED_AVAILABILITY = YES_AGGRESSIVE;
				CLANG_WARN_UNREACHABLE_CODE = YES;
				CLANG_WARN__DUPLICATE_METHOD_MATCH = YES;
				COPY_PHASE_STRIP = NO;
				DEBUG_INFORMATION_FORMAT = dwarf;
				ENABLE_STRICT_OBJC_MSGSEND = YES;
				ENABLE_TESTABILITY = YES;
				GCC_C_LANGUAGE_STANDARD = gnu11;
				GCC_DYNAMIC_NO_PIC = NO;
				GCC_NO_COMMON_BLOCKS = YES;
				GCC_OPTIMIZATION_LEVEL = 0;
				GCC_PREPROCESSOR_DEFINITIONS = (
					"DEBUG=1",
					"$(inherited)",
				);
				GCC_WARN_64_TO_32_BIT_CONVERSION = YES;
				GCC_WARN_ABOUT_RETURN_TYPE = YES_ERROR;
				GCC_WARN_UNDECLARED_SELECTOR = YES;
				GCC_WARN_UNINITIALIZED_AUTOS = YES_AGGRESSIVE;
				GCC_WARN_UNUSED_FUNCTION = YES;
				GCC_WARN_UNUSED_VARIABLE = YES;
				IPHONEOS_DEPLOYMENT_TARGET = 16.2;
				MTL_ENABLE_DEBUG_INFO = INCLUDE_SOURCE;
				MTL_FAST_MATH = YES;
				ONLY_ACTIVE_ARCH = YES;
				SDKROOT = iphoneos;
				SWIFT_ACTIVE_COMPILATION_CONDITIONS = DEBUG;
				SWIFT_OPTIMIZATION_LEVEL = "-Onone";
			};
			name = Debug;
		};
		AE9240502A01E8BD002E40B8 /* Release */ = {
			isa = XCBuildConfiguration;
			buildSettings = {
				ALWAYS_SEARCH_USER_PATHS = NO;
				CLANG_ANALYZER_NONNULL = YES;
				CLANG_ANALYZER_NUMBER_OBJECT_CONVERSION = YES_AGGRESSIVE;
				CLANG_CXX_LANGUAGE_STANDARD = "gnu++20";
				CLANG_ENABLE_MODULES = YES;
				CLANG_ENABLE_OBJC_ARC = YES;
				CLANG_ENABLE_OBJC_WEAK = YES;
				CLANG_WARN_BLOCK_CAPTURE_AUTORELEASING = YES;
				CLANG_WARN_BOOL_CONVERSION = YES;
				CLANG_WARN_COMMA = YES;
				CLANG_WARN_CONSTANT_CONVERSION = YES;
				CLANG_WARN_DEPRECATED_OBJC_IMPLEMENTATIONS = YES;
				CLANG_WARN_DIRECT_OBJC_ISA_USAGE = YES_ERROR;
				CLANG_WARN_DOCUMENTATION_COMMENTS = YES;
				CLANG_WARN_EMPTY_BODY = YES;
				CLANG_WARN_ENUM_CONVERSION = YES;
				CLANG_WARN_INFINITE_RECURSION = YES;
				CLANG_WARN_INT_CONVERSION = YES;
				CLANG_WARN_NON_LITERAL_NULL_CONVERSION = YES;
				CLANG_WARN_OBJC_IMPLICIT_RETAIN_SELF = YES;
				CLANG_WARN_OBJC_LITERAL_CONVERSION = YES;
				CLANG_WARN_OBJC_ROOT_CLASS = YES_ERROR;
				CLANG_WARN_QUOTED_INCLUDE_IN_FRAMEWORK_HEADER = YES;
				CLANG_WARN_RANGE_LOOP_ANALYSIS = YES;
				CLANG_WARN_STRICT_PROTOTYPES = YES;
				CLANG_WARN_SUSPICIOUS_MOVE = YES;
				CLANG_WARN_UNGUARDED_AVAILABILITY = YES_AGGRESSIVE;
				CLANG_WARN_UNREACHABLE_CODE = YES;
				CLANG_WARN__DUPLICATE_METHOD_MATCH = YES;
				COPY_PHASE_STRIP = NO;
				DEBUG_INFORMATION_FORMAT = "dwarf-with-dsym";
				ENABLE_NS_ASSERTIONS = NO;
				ENABLE_STRICT_OBJC_MSGSEND = YES;
				GCC_C_LANGUAGE_STANDARD = gnu11;
				GCC_NO_COMMON_BLOCKS = YES;
				GCC_WARN_64_TO_32_BIT_CONVERSION = YES;
				GCC_WARN_ABOUT_RETURN_TYPE = YES_ERROR;
				GCC_WARN_UNDECLARED_SELECTOR = YES;
				GCC_WARN_UNINITIALIZED_AUTOS = YES_AGGRESSIVE;
				GCC_WARN_UNUSED_FUNCTION = YES;
				GCC_WARN_UNUSED_VARIABLE = YES;
				IPHONEOS_DEPLOYMENT_TARGET = 16.2;
				MTL_ENABLE_DEBUG_INFO = NO;
				MTL_FAST_MATH = YES;
				SDKROOT = iphoneos;
				SWIFT_COMPILATION_MODE = wholemodule;
				SWIFT_OPTIMIZATION_LEVEL = "-O";
				VALIDATE_PRODUCT = YES;
			};
			name = Release;
		};
		AE9240522A01E8BD002E40B8 /* Debug */ = {
			isa = XCBuildConfiguration;
			baseConfigurationReference = D83C0EE7896BFCFE18EB8587 /* Pods-TranslateModule.debug.xcconfig */;
			buildSettings = {
				ASSETCATALOG_COMPILER_APPICON_NAME = AppIcon;
				ASSETCATALOG_COMPILER_GLOBAL_ACCENT_COLOR_NAME = AccentColor;
				CODE_SIGN_STYLE = Automatic;
				CURRENT_PROJECT_VERSION = 1;
				DEVELOPMENT_ASSET_PATHS = "\"TranslateModule/Preview Content\"";
				ENABLE_PREVIEWS = YES;
				GENERATE_INFOPLIST_FILE = YES;
				INFOPLIST_KEY_UIApplicationSceneManifest_Generation = YES;
				INFOPLIST_KEY_UIApplicationSupportsIndirectInputEvents = YES;
				INFOPLIST_KEY_UILaunchScreen_Generation = YES;
				INFOPLIST_KEY_UISupportedInterfaceOrientations_iPad = "UIInterfaceOrientationPortrait UIInterfaceOrientationPortraitUpsideDown UIInterfaceOrientationLandscapeLeft UIInterfaceOrientationLandscapeRight";
				INFOPLIST_KEY_UISupportedInterfaceOrientations_iPhone = "UIInterfaceOrientationPortrait UIInterfaceOrientationLandscapeLeft UIInterfaceOrientationLandscapeRight";
				LD_RUNPATH_SEARCH_PATHS = (
					"$(inherited)",
					"@executable_path/Frameworks",
				);
				MARKETING_VERSION = 1.0;
				PRODUCT_BUNDLE_IDENTIFIER = kr.ac.knu.comp420.student974.TranslateModule;
				PRODUCT_NAME = "$(TARGET_NAME)";
				SWIFT_EMIT_LOC_STRINGS = YES;
				SWIFT_VERSION = 5.0;
				TARGETED_DEVICE_FAMILY = "1,2";
			};
			name = Debug;
		};
		AE9240532A01E8BD002E40B8 /* Release */ = {
			isa = XCBuildConfiguration;
			baseConfigurationReference = 3E3E54FE38D256E33D03DB67 /* Pods-TranslateModule.release.xcconfig */;
			buildSettings = {
				ASSETCATALOG_COMPILER_APPICON_NAME = AppIcon;
				ASSETCATALOG_COMPILER_GLOBAL_ACCENT_COLOR_NAME = AccentColor;
				CODE_SIGN_STYLE = Automatic;
				CURRENT_PROJECT_VERSION = 1;
				DEVELOPMENT_ASSET_PATHS = "\"TranslateModule/Preview Content\"";
				ENABLE_PREVIEWS = YES;
				GENERATE_INFOPLIST_FILE = YES;
				INFOPLIST_KEY_UIApplicationSceneManifest_Generation = YES;
				INFOPLIST_KEY_UIApplicationSupportsIndirectInputEvents = YES;
				INFOPLIST_KEY_UILaunchScreen_Generation = YES;
				INFOPLIST_KEY_UISupportedInterfaceOrientations_iPad = "UIInterfaceOrientationPortrait UIInterfaceOrientationPortraitUpsideDown UIInterfaceOrientationLandscapeLeft UIInterfaceOrientationLandscapeRight";
				INFOPLIST_KEY_UISupportedInterfaceOrientations_iPhone = "UIInterfaceOrientationPortrait UIInterfaceOrientationLandscapeLeft UIInterfaceOrientationLandscapeRight";
				LD_RUNPATH_SEARCH_PATHS = (
					"$(inherited)",
					"@executable_path/Frameworks",
				);
				MARKETING_VERSION = 1.0;
				PRODUCT_BUNDLE_IDENTIFIER = kr.ac.knu.comp420.student974.TranslateModule;
				PRODUCT_NAME = "$(TARGET_NAME)";
				SWIFT_EMIT_LOC_STRINGS = YES;
				SWIFT_VERSION = 5.0;
				TARGETED_DEVICE_FAMILY = "1,2";
			};
			name = Release;
		};
/* End XCBuildConfiguration section */

/* Begin XCConfigurationList section */
		AE92403E2A01E8BC002E40B8 /* Build configuration list for PBXProject "TranslateModule" */ = {
			isa = XCConfigurationList;
			buildConfigurations = (
				AE92404F2A01E8BD002E40B8 /* Debug */,
				AE9240502A01E8BD002E40B8 /* Release */,
			);
			defaultConfigurationIsVisible = 0;
			defaultConfigurationName = Release;
		};
		AE9240512A01E8BD002E40B8 /* Build configuration list for PBXNativeTarget "TranslateModule" */ = {
			isa = XCConfigurationList;
			buildConfigurations = (
				AE9240522A01E8BD002E40B8 /* Debug */,
				AE9240532A01E8BD002E40B8 /* Release */,
			);
			defaultConfigurationIsVisible = 0;
			defaultConfigurationName = Release;
		};
/* End XCConfigurationList section */
	};
	rootObject = AE92403B2A01E8BC002E40B8 /* Project object */;
}
