// !$*UTF8*$!
{
	archiveVersion = 1;
	classes = {
	};
	objectVersion = 51;
	objects = {

/* Begin PBXBuildFile section */
		30127DCB24DE506300576F65 /* AppDelegate.swift in Sources */ = {isa = PBXBuildFile; fileRef = 30127DCA24DE506300576F65 /* AppDelegate.swift */; };
		30127DCD24DE506300576F65 /* SceneDelegate.swift in Sources */ = {isa = PBXBuildFile; fileRef = 30127DCC24DE506300576F65 /* SceneDelegate.swift */; };
		30127DCF24DE506300576F65 /* SignInView.swift in Sources */ = {isa = PBXBuildFile; fileRef = 30127DCE24DE506300576F65 /* SignInView.swift */; };
		30127DD124DE506500576F65 /* Assets.xcassets in Resources */ = {isa = PBXBuildFile; fileRef = 30127DD024DE506500576F65 /* Assets.xcassets */; };
		30127DD424DE506500576F65 /* Preview Assets.xcassets in Resources */ = {isa = PBXBuildFile; fileRef = 30127DD324DE506500576F65 /* Preview Assets.xcassets */; };
		30A39BED24DF999900EE7E2E /* SignUpViewModel.swift in Sources */ = {isa = PBXBuildFile; fileRef = 30A39BEC24DF999900EE7E2E /* SignUpViewModel.swift */; };
		30D8C5ED24E7755600CB0858 /* WelcomeView.swift in Sources */ = {isa = PBXBuildFile; fileRef = 30D8C5EC24E7755600CB0858 /* WelcomeView.swift */; };
		30D8C5EF24E77C8000CB0858 /* CustomModifier.swift in Sources */ = {isa = PBXBuildFile; fileRef = 30D8C5EE24E77C8000CB0858 /* CustomModifier.swift */; };
		30D8C5F124E77CFB00CB0858 /* UIConfiguration.swift in Sources */ = {isa = PBXBuildFile; fileRef = 30D8C5F024E77CFB00CB0858 /* UIConfiguration.swift */; };
		30D8C5F324E77DDE00CB0858 /* UIColorExt.swift in Sources */ = {isa = PBXBuildFile; fileRef = 30D8C5F224E77DDE00CB0858 /* UIColorExt.swift */; };
		30D8C60224E818D400CB0858 /* SignUpView.swift in Sources */ = {isa = PBXBuildFile; fileRef = 30D8C60124E818D300CB0858 /* SignUpView.swift */; };
		30DDE0B924EABC9700208D32 /* User.swift in Sources */ = {isa = PBXBuildFile; fileRef = 30DDE0B824EABC9700208D32 /* User.swift */; };
		30DDE0BD24EC21E900208D32 /* DrawerView.swift in Sources */ = {isa = PBXBuildFile; fileRef = 30DDE0BC24EC21E900208D32 /* DrawerView.swift */; };
		30DDE0BF24EC2A7C00208D32 /* HomeView.swift in Sources */ = {isa = PBXBuildFile; fileRef = 30DDE0BE24EC2A7C00208D32 /* HomeView.swift */; };
		30DDE0C124EC2AD300208D32 /* AppState.swift in Sources */ = {isa = PBXBuildFile; fileRef = 30DDE0C024EC2AD300208D32 /* AppState.swift */; };
		30F0AF8C24E92D160084CE6E /* AuthAPI.swift in Sources */ = {isa = PBXBuildFile; fileRef = 30F0AF8B24E92D160084CE6E /* AuthAPI.swift */; };
		30F0AF8E24E92E360084CE6E /* AuthService.swift in Sources */ = {isa = PBXBuildFile; fileRef = 30F0AF8D24E92E360084CE6E /* AuthService.swift */; };
		30F0AF9024E967920084CE6E /* StatusViewModel.swift in Sources */ = {isa = PBXBuildFile; fileRef = 30F0AF8F24E967920084CE6E /* StatusViewModel.swift */; };
		30F0AF9224E976410084CE6E /* SplashView.swift in Sources */ = {isa = PBXBuildFile; fileRef = 30F0AF9124E976410084CE6E /* SplashView.swift */; };
		30F0AF9824E9868D0084CE6E /* SignInViewModel.swift in Sources */ = {isa = PBXBuildFile; fileRef = 30F0AF9724E9868D0084CE6E /* SignInViewModel.swift */; };
		30F0AF9B24E989020084CE6E /* CustomTextField.swift in Sources */ = {isa = PBXBuildFile; fileRef = 30F0AF9A24E989020084CE6E /* CustomTextField.swift */; };
		3C203BD32A06DED300137D5C /* FireStoretest.swift in Sources */ = {isa = PBXBuildFile; fileRef = 3C203BD22A06DED300137D5C /* FireStoretest.swift */; };
		56B401D3083432E1950758D7 /* Pods_FirebaseStarterSwiftUIApp.framework in Frameworks */ = {isa = PBXBuildFile; fileRef = DB8C10DB8C90574AB4F8C3C3 /* Pods_FirebaseStarterSwiftUIApp.framework */; };
		AE41CE422A1E265E00B04424 /* IntentHandler.swift in Sources */ = {isa = PBXBuildFile; fileRef = AEA70DFC2A1DE4A800966118 /* IntentHandler.swift */; };
		AE41CE442A1E26EC00B04424 /* IntentViewController.swift in Sources */ = {isa = PBXBuildFile; fileRef = AEA70E102A1E145200966118 /* IntentViewController.swift */; };
		AE826F1E2A3CD25200A5F327 /* MyPostsView.swift in Sources */ = {isa = PBXBuildFile; fileRef = AE826F1D2A3CD25200A5F327 /* MyPostsView.swift */; };
		AE826F202A3D7B8A00A5F327 /* MyPostsViewModel.swift in Sources */ = {isa = PBXBuildFile; fileRef = AE826F1F2A3D7B8A00A5F327 /* MyPostsViewModel.swift */; };
		AE826F222A3D7FC900A5F327 /* ReplyRowView.swift in Sources */ = {isa = PBXBuildFile; fileRef = AE826F212A3D7FC900A5F327 /* ReplyRowView.swift */; };
		AE826F242A3D817200A5F327 /* ReplyOfReplyRowView.swift in Sources */ = {isa = PBXBuildFile; fileRef = AE826F232A3D817200A5F327 /* ReplyOfReplyRowView.swift */; };
		AE9852DA2A26F13C0092929B /* openai-logo.png in Resources */ = {isa = PBXBuildFile; fileRef = AE9852D92A26F13C0092929B /* openai-logo.png */; };
		AEA70DFA2A1DE4A800966118 /* Intents.framework in Frameworks */ = {isa = PBXBuildFile; fileRef = AEA70DF92A1DE4A800966118 /* Intents.framework */; };
		AEA70DFD2A1DE4A800966118 /* IntentHandler.swift in Sources */ = {isa = PBXBuildFile; fileRef = AEA70DFC2A1DE4A800966118 /* IntentHandler.swift */; };
		AEA70E012A1DE4A800966118 /* OpenSiriKitIntentExtension.appex in Embed Foundation Extensions */ = {isa = PBXBuildFile; fileRef = AEA70DF82A1DE4A800966118 /* OpenSiriKitIntentExtension.appex */; settings = {ATTRIBUTES = (RemoveHeadersOnCopy, ); }; };
		AEA70E062A1DE7AD00966118 /* OpenSiriKitIntentsDef.intentdefinition in Sources */ = {isa = PBXBuildFile; fileRef = AEA70DF32A1DE46900966118 /* OpenSiriKitIntentsDef.intentdefinition */; };
		AEA70E072A1DE81C00966118 /* OpenSiriKitIntentsDef.intentdefinition in Sources */ = {isa = PBXBuildFile; fileRef = AEA70DF32A1DE46900966118 /* OpenSiriKitIntentsDef.intentdefinition */; };
		AEA70E0E2A1E145200966118 /* IntentsUI.framework in Frameworks */ = {isa = PBXBuildFile; fileRef = AEA70E0D2A1E145200966118 /* IntentsUI.framework */; };
		AEA70E112A1E145200966118 /* IntentViewController.swift in Sources */ = {isa = PBXBuildFile; fileRef = AEA70E102A1E145200966118 /* IntentViewController.swift */; };
		AEA70E142A1E145200966118 /* MainInterface.storyboard in Resources */ = {isa = PBXBuildFile; fileRef = AEA70E122A1E145200966118 /* MainInterface.storyboard */; };
		AEA70E182A1E145200966118 /* OpenSiriKitUI.appex in Embed Foundation Extensions */ = {isa = PBXBuildFile; fileRef = AEA70E0C2A1E145200966118 /* OpenSiriKitUI.appex */; settings = {ATTRIBUTES = (RemoveHeadersOnCopy, ); }; };
		AEA70E1C2A1E145F00966118 /* OpenSiriKitIntentsDef.intentdefinition in Sources */ = {isa = PBXBuildFile; fileRef = AEA70DF32A1DE46900966118 /* OpenSiriKitIntentsDef.intentdefinition */; };
		AEB2B2422A3D8D940008200D /* AllPostsService.swift in Sources */ = {isa = PBXBuildFile; fileRef = AEB2B2412A3D8D940008200D /* AllPostsService.swift */; };
		DA131E892A0B573F0033D67F /* Board.swift in Sources */ = {isa = PBXBuildFile; fileRef = DA131E882A0B573F0033D67F /* Board.swift */; };
		DA131E8B2A0B57E60033D67F /* BoardAPI.swift in Sources */ = {isa = PBXBuildFile; fileRef = DA131E8A2A0B57E60033D67F /* BoardAPI.swift */; };
		DA131E8D2A0B584C0033D67F /* BoardService.swift in Sources */ = {isa = PBXBuildFile; fileRef = DA131E8C2A0B584C0033D67F /* BoardService.swift */; };
		DA151A132A1DFE170007853C /* BoardTabInnerView.swift in Sources */ = {isa = PBXBuildFile; fileRef = DA151A122A1DFE170007853C /* BoardTabInnerView.swift */; };
		DA3C0BD12A17AF9D0033D2BD /* UserDetailView.swift in Sources */ = {isa = PBXBuildFile; fileRef = DA3C0BD02A17AF9D0033D2BD /* UserDetailView.swift */; };
		DA3C0BE62A17CAD70033D2BD /* RootAPI.swift in Sources */ = {isa = PBXBuildFile; fileRef = DA3C0BE52A17CAD70033D2BD /* RootAPI.swift */; };
		DA4A4BB52A06352700D5BA11 /* GoogleService-Info.plist in Resources */ = {isa = PBXBuildFile; fileRef = DA4A4BB42A06352700D5BA11 /* GoogleService-Info.plist */; };
		DA5C176E2A16846F00CDCED1 /* NavigationBarModifier.swift in Sources */ = {isa = PBXBuildFile; fileRef = DA5C176D2A16846F00CDCED1 /* NavigationBarModifier.swift */; };
		DA5C17702A168EB900CDCED1 /* UserInformation.swift in Sources */ = {isa = PBXBuildFile; fileRef = DA5C176F2A168EB900CDCED1 /* UserInformation.swift */; };
		DA7E45172A1795C200AB1899 /* UserService.swift in Sources */ = {isa = PBXBuildFile; fileRef = DA7E45162A1795C200AB1899 /* UserService.swift */; };
		DA7E45192A1795CA00AB1899 /* UserAPI.swift in Sources */ = {isa = PBXBuildFile; fileRef = DA7E45182A1795CA00AB1899 /* UserAPI.swift */; };
		DA955AF12A3DD24500E5F1F4 /* LaunchScreen.storyboard in Resources */ = {isa = PBXBuildFile; fileRef = DA955AF02A3DD24500E5F1F4 /* LaunchScreen.storyboard */; };
		DAA490532A1692C6009F0374 /* UserConfigViewModel.swift in Sources */ = {isa = PBXBuildFile; fileRef = DAA490522A1692C6009F0374 /* UserConfigViewModel.swift */; };
		DAA497E52A1904DA001F888D /* UserConfig.swift in Sources */ = {isa = PBXBuildFile; fileRef = DAA497E42A1904DA001F888D /* UserConfig.swift */; };
		DAB423D82A2CB75D00420121 /* RefreshView.swift in Sources */ = {isa = PBXBuildFile; fileRef = DAB423D72A2CB75D00420121 /* RefreshView.swift */; };
		DAED40C22A1E5B5F0047C8E1 /* BoardConfigViewModel.swift in Sources */ = {isa = PBXBuildFile; fileRef = DAED40C12A1E5B5F0047C8E1 /* BoardConfigViewModel.swift */; };
		F32A5DE92A38D3CC008EB168 /* FavorBoardHomeView.swift in Sources */ = {isa = PBXBuildFile; fileRef = F32A5DE82A38D3CC008EB168 /* FavorBoardHomeView.swift */; };
		F32A5DEB2A38D3DE008EB168 /* SendMsgView.swift in Sources */ = {isa = PBXBuildFile; fileRef = F32A5DEA2A38D3DE008EB168 /* SendMsgView.swift */; };
		F32A5DED2A38DE08008EB168 /* UserInfoView.swift in Sources */ = {isa = PBXBuildFile; fileRef = F32A5DEC2A38DE08008EB168 /* UserInfoView.swift */; };
		F32A5DEF2A38DE11008EB168 /* adminAuth.swift in Sources */ = {isa = PBXBuildFile; fileRef = F32A5DEE2A38DE11008EB168 /* adminAuth.swift */; };
		F32A5DF12A38DE18008EB168 /* WriteNoticeView.swift in Sources */ = {isa = PBXBuildFile; fileRef = F32A5DF02A38DE18008EB168 /* WriteNoticeView.swift */; };
		F32A5DF42A3C3E42008EB168 /* MapView.swift in Sources */ = {isa = PBXBuildFile; fileRef = F32A5DF32A3C3E42008EB168 /* MapView.swift */; };
		F3690BD02A1F8775006556D8 /* ChatGPTAPI.swift in Sources */ = {isa = PBXBuildFile; fileRef = F3690BCE2A1F8774006556D8 /* ChatGPTAPI.swift */; };
		F3690BD12A1F8775006556D8 /* GPT_API_Models.swift in Sources */ = {isa = PBXBuildFile; fileRef = F3690BCF2A1F8774006556D8 /* GPT_API_Models.swift */; };
		F3B397502A08E4D40060974D /* Content.swift in Sources */ = {isa = PBXBuildFile; fileRef = F3B3974F2A08E4D40060974D /* Content.swift */; };
		F3B397522A08E5000060974D /* boardmain.swift in Sources */ = {isa = PBXBuildFile; fileRef = F3B397512A08E5000060974D /* boardmain.swift */; };
		F3B397542A08E5100060974D /* ContentDetail.swift in Sources */ = {isa = PBXBuildFile; fileRef = F3B397532A08E5100060974D /* ContentDetail.swift */; };
		F3B397562A08E51A0060974D /* ContentRow.swift in Sources */ = {isa = PBXBuildFile; fileRef = F3B397552A08E51A0060974D /* ContentRow.swift */; };
/* End PBXBuildFile section */

/* Begin PBXContainerItemProxy section */
		3C203BD42A06DED300137D5C /* PBXContainerItemProxy */ = {
			isa = PBXContainerItemProxy;
			containerPortal = 30127DBF24DE506300576F65 /* Project object */;
			proxyType = 1;
			remoteGlobalIDString = 30127DC624DE506300576F65;
			remoteInfo = FirebaseStarterSwiftUIApp;
		};
		AEA70DFF2A1DE4A800966118 /* PBXContainerItemProxy */ = {
			isa = PBXContainerItemProxy;
			containerPortal = 30127DBF24DE506300576F65 /* Project object */;
			proxyType = 1;
			remoteGlobalIDString = AEA70DF72A1DE4A800966118;
			remoteInfo = OpenSiriKitIntentExtension;
		};
		AEA70E162A1E145200966118 /* PBXContainerItemProxy */ = {
			isa = PBXContainerItemProxy;
			containerPortal = 30127DBF24DE506300576F65 /* Project object */;
			proxyType = 1;
			remoteGlobalIDString = AEA70E0B2A1E145200966118;
			remoteInfo = OpenSiriKitUI;
		};
/* End PBXContainerItemProxy section */

/* Begin PBXCopyFilesBuildPhase section */
		AEA70E052A1DE4A800966118 /* Embed Foundation Extensions */ = {
			isa = PBXCopyFilesBuildPhase;
			buildActionMask = 2147483647;
			dstPath = "";
			dstSubfolderSpec = 13;
			files = (
				AEA70E182A1E145200966118 /* OpenSiriKitUI.appex in Embed Foundation Extensions */,
				AEA70E012A1DE4A800966118 /* OpenSiriKitIntentExtension.appex in Embed Foundation Extensions */,
			);
			name = "Embed Foundation Extensions";
			runOnlyForDeploymentPostprocessing = 0;
		};
/* End PBXCopyFilesBuildPhase section */

/* Begin PBXFileReference section */
		171629672913603100CFB356 /* FBSDKCoreKit.xcframework */ = {isa = PBXFileReference; lastKnownFileType = wrapper.xcframework; name = FBSDKCoreKit.xcframework; path = Pods/FBSDKCoreKit/XCFrameworks/FBSDKCoreKit.xcframework; sourceTree = "<group>"; };
		30127DCA24DE506300576F65 /* AppDelegate.swift */ = {isa = PBXFileReference; lastKnownFileType = sourcecode.swift; path = AppDelegate.swift; sourceTree = "<group>"; };
		30127DCC24DE506300576F65 /* SceneDelegate.swift */ = {isa = PBXFileReference; lastKnownFileType = sourcecode.swift; path = SceneDelegate.swift; sourceTree = "<group>"; };
		30127DCE24DE506300576F65 /* SignInView.swift */ = {isa = PBXFileReference; lastKnownFileType = sourcecode.swift; path = SignInView.swift; sourceTree = "<group>"; };
		30127DD024DE506500576F65 /* Assets.xcassets */ = {isa = PBXFileReference; lastKnownFileType = folder.assetcatalog; path = Assets.xcassets; sourceTree = "<group>"; };
		30127DD324DE506500576F65 /* Preview Assets.xcassets */ = {isa = PBXFileReference; lastKnownFileType = folder.assetcatalog; path = "Preview Assets.xcassets"; sourceTree = "<group>"; };
		30127DD824DE506500576F65 /* Info.plist */ = {isa = PBXFileReference; lastKnownFileType = text.plist.xml; path = Info.plist; sourceTree = "<group>"; };
		30A39BEC24DF999900EE7E2E /* SignUpViewModel.swift */ = {isa = PBXFileReference; lastKnownFileType = sourcecode.swift; path = SignUpViewModel.swift; sourceTree = "<group>"; };
		30D8C5EC24E7755600CB0858 /* WelcomeView.swift */ = {isa = PBXFileReference; lastKnownFileType = sourcecode.swift; path = WelcomeView.swift; sourceTree = "<group>"; };
		30D8C5EE24E77C8000CB0858 /* CustomModifier.swift */ = {isa = PBXFileReference; lastKnownFileType = sourcecode.swift; path = CustomModifier.swift; sourceTree = "<group>"; };
		30D8C5F024E77CFB00CB0858 /* UIConfiguration.swift */ = {isa = PBXFileReference; lastKnownFileType = sourcecode.swift; path = UIConfiguration.swift; sourceTree = "<group>"; };
		30D8C5F224E77DDE00CB0858 /* UIColorExt.swift */ = {isa = PBXFileReference; lastKnownFileType = sourcecode.swift; path = UIColorExt.swift; sourceTree = "<group>"; };
		30D8C60124E818D300CB0858 /* SignUpView.swift */ = {isa = PBXFileReference; lastKnownFileType = sourcecode.swift; path = SignUpView.swift; sourceTree = "<group>"; };
		30DDE0B824EABC9700208D32 /* User.swift */ = {isa = PBXFileReference; lastKnownFileType = sourcecode.swift; path = User.swift; sourceTree = "<group>"; };
		30DDE0BC24EC21E900208D32 /* DrawerView.swift */ = {isa = PBXFileReference; lastKnownFileType = sourcecode.swift; path = DrawerView.swift; sourceTree = "<group>"; };
		30DDE0BE24EC2A7C00208D32 /* HomeView.swift */ = {isa = PBXFileReference; lastKnownFileType = sourcecode.swift; path = HomeView.swift; sourceTree = "<group>"; };
		30DDE0C024EC2AD300208D32 /* AppState.swift */ = {isa = PBXFileReference; lastKnownFileType = sourcecode.swift; path = AppState.swift; sourceTree = "<group>"; };
		30F0AF8B24E92D160084CE6E /* AuthAPI.swift */ = {isa = PBXFileReference; lastKnownFileType = sourcecode.swift; path = AuthAPI.swift; sourceTree = "<group>"; };
		30F0AF8D24E92E360084CE6E /* AuthService.swift */ = {isa = PBXFileReference; lastKnownFileType = sourcecode.swift; path = AuthService.swift; sourceTree = "<group>"; };
		30F0AF8F24E967920084CE6E /* StatusViewModel.swift */ = {isa = PBXFileReference; lastKnownFileType = sourcecode.swift; path = StatusViewModel.swift; sourceTree = "<group>"; };
		30F0AF9124E976410084CE6E /* SplashView.swift */ = {isa = PBXFileReference; lastKnownFileType = sourcecode.swift; path = SplashView.swift; sourceTree = "<group>"; };
		30F0AF9724E9868D0084CE6E /* SignInViewModel.swift */ = {isa = PBXFileReference; lastKnownFileType = sourcecode.swift; path = SignInViewModel.swift; sourceTree = "<group>"; };
		30F0AF9A24E989020084CE6E /* CustomTextField.swift */ = {isa = PBXFileReference; lastKnownFileType = sourcecode.swift; path = CustomTextField.swift; sourceTree = "<group>"; };
		3C203BD22A06DED300137D5C /* FireStoretest.swift */ = {isa = PBXFileReference; lastKnownFileType = sourcecode.swift; path = FireStoretest.swift; sourceTree = "<group>"; };
		605659B60AC36406DB1250BF /* Pods-FirebaseStarterSwiftUIApp.release.xcconfig */ = {isa = PBXFileReference; includeInIndex = 1; lastKnownFileType = text.xcconfig; name = "Pods-FirebaseStarterSwiftUIApp.release.xcconfig"; path = "Target Support Files/Pods-FirebaseStarterSwiftUIApp/Pods-FirebaseStarterSwiftUIApp.release.xcconfig"; sourceTree = "<group>"; };
		AE5F30022A207A4600E593CC /* FirebaseStarterSwiftUIAppDebug.entitlements */ = {isa = PBXFileReference; lastKnownFileType = text.plist.entitlements; path = FirebaseStarterSwiftUIAppDebug.entitlements; sourceTree = "<group>"; };
		AE826F1D2A3CD25200A5F327 /* MyPostsView.swift */ = {isa = PBXFileReference; lastKnownFileType = sourcecode.swift; path = MyPostsView.swift; sourceTree = "<group>"; };
		AE826F1F2A3D7B8A00A5F327 /* MyPostsViewModel.swift */ = {isa = PBXFileReference; lastKnownFileType = sourcecode.swift; path = MyPostsViewModel.swift; sourceTree = "<group>"; };
		AE826F212A3D7FC900A5F327 /* ReplyRowView.swift */ = {isa = PBXFileReference; lastKnownFileType = sourcecode.swift; path = ReplyRowView.swift; sourceTree = "<group>"; };
		AE826F232A3D817200A5F327 /* ReplyOfReplyRowView.swift */ = {isa = PBXFileReference; lastKnownFileType = sourcecode.swift; path = ReplyOfReplyRowView.swift; sourceTree = "<group>"; };
		AE9852D92A26F13C0092929B /* openai-logo.png */ = {isa = PBXFileReference; lastKnownFileType = image.png; path = "openai-logo.png"; sourceTree = "<group>"; };
		AEA70DF32A1DE46900966118 /* OpenSiriKitIntentsDef.intentdefinition */ = {isa = PBXFileReference; lastKnownFileType = file.intentdefinition; path = OpenSiriKitIntentsDef.intentdefinition; sourceTree = "<group>"; };
		AEA70DF82A1DE4A800966118 /* OpenSiriKitIntentExtension.appex */ = {isa = PBXFileReference; explicitFileType = "wrapper.app-extension"; includeInIndex = 0; path = OpenSiriKitIntentExtension.appex; sourceTree = BUILT_PRODUCTS_DIR; };
		AEA70DF92A1DE4A800966118 /* Intents.framework */ = {isa = PBXFileReference; lastKnownFileType = wrapper.framework; name = Intents.framework; path = System/Library/Frameworks/Intents.framework; sourceTree = SDKROOT; };
		AEA70DFC2A1DE4A800966118 /* IntentHandler.swift */ = {isa = PBXFileReference; lastKnownFileType = sourcecode.swift; path = IntentHandler.swift; sourceTree = "<group>"; };
		AEA70DFE2A1DE4A800966118 /* Info.plist */ = {isa = PBXFileReference; lastKnownFileType = text.plist.xml; path = Info.plist; sourceTree = "<group>"; };
		AEA70E0C2A1E145200966118 /* OpenSiriKitUI.appex */ = {isa = PBXFileReference; explicitFileType = "wrapper.app-extension"; includeInIndex = 0; path = OpenSiriKitUI.appex; sourceTree = BUILT_PRODUCTS_DIR; };
		AEA70E0D2A1E145200966118 /* IntentsUI.framework */ = {isa = PBXFileReference; lastKnownFileType = wrapper.framework; name = IntentsUI.framework; path = System/Library/Frameworks/IntentsUI.framework; sourceTree = SDKROOT; };
		AEA70E102A1E145200966118 /* IntentViewController.swift */ = {isa = PBXFileReference; lastKnownFileType = sourcecode.swift; path = IntentViewController.swift; sourceTree = "<group>"; };
		AEA70E132A1E145200966118 /* Base */ = {isa = PBXFileReference; lastKnownFileType = file.storyboard; name = Base; path = Base.lproj/MainInterface.storyboard; sourceTree = "<group>"; };
		AEA70E152A1E145200966118 /* Info.plist */ = {isa = PBXFileReference; lastKnownFileType = text.plist.xml; path = Info.plist; sourceTree = "<group>"; };
		AEB2B2412A3D8D940008200D /* AllPostsService.swift */ = {isa = PBXFileReference; lastKnownFileType = sourcecode.swift; path = AllPostsService.swift; sourceTree = "<group>"; };
		DA131E882A0B573F0033D67F /* Board.swift */ = {isa = PBXFileReference; lastKnownFileType = sourcecode.swift; path = Board.swift; sourceTree = "<group>"; };
		DA131E8A2A0B57E60033D67F /* BoardAPI.swift */ = {isa = PBXFileReference; lastKnownFileType = sourcecode.swift; path = BoardAPI.swift; sourceTree = "<group>"; };
		DA131E8C2A0B584C0033D67F /* BoardService.swift */ = {isa = PBXFileReference; lastKnownFileType = sourcecode.swift; path = BoardService.swift; sourceTree = "<group>"; };
		DA151A122A1DFE170007853C /* BoardTabInnerView.swift */ = {isa = PBXFileReference; lastKnownFileType = sourcecode.swift; path = BoardTabInnerView.swift; sourceTree = "<group>"; };
		DA3C0BD02A17AF9D0033D2BD /* UserDetailView.swift */ = {isa = PBXFileReference; lastKnownFileType = sourcecode.swift; path = UserDetailView.swift; sourceTree = "<group>"; };
		DA3C0BE52A17CAD70033D2BD /* RootAPI.swift */ = {isa = PBXFileReference; lastKnownFileType = sourcecode.swift; path = RootAPI.swift; sourceTree = "<group>"; };
		DA4A4BB42A06352700D5BA11 /* GoogleService-Info.plist */ = {isa = PBXFileReference; fileEncoding = 4; lastKnownFileType = text.plist.xml; path = "GoogleService-Info.plist"; sourceTree = "<group>"; };
		DA5C176D2A16846F00CDCED1 /* NavigationBarModifier.swift */ = {isa = PBXFileReference; lastKnownFileType = sourcecode.swift; path = NavigationBarModifier.swift; sourceTree = "<group>"; };
		DA5C176F2A168EB900CDCED1 /* UserInformation.swift */ = {isa = PBXFileReference; lastKnownFileType = sourcecode.swift; path = UserInformation.swift; sourceTree = "<group>"; };
		DA7E45162A1795C200AB1899 /* UserService.swift */ = {isa = PBXFileReference; lastKnownFileType = sourcecode.swift; path = UserService.swift; sourceTree = "<group>"; };
		DA7E45182A1795CA00AB1899 /* UserAPI.swift */ = {isa = PBXFileReference; lastKnownFileType = sourcecode.swift; path = UserAPI.swift; sourceTree = "<group>"; };
		DA955AF02A3DD24500E5F1F4 /* LaunchScreen.storyboard */ = {isa = PBXFileReference; lastKnownFileType = file.storyboard; path = LaunchScreen.storyboard; sourceTree = "<group>"; };
		DAA490522A1692C6009F0374 /* UserConfigViewModel.swift */ = {isa = PBXFileReference; lastKnownFileType = sourcecode.swift; path = UserConfigViewModel.swift; sourceTree = "<group>"; };
		DAA497E02A19017B001F888D /* FirebaseStarterSwiftUIApp.app */ = {isa = PBXFileReference; explicitFileType = wrapper.application; includeInIndex = 0; path = FirebaseStarterSwiftUIApp.app; sourceTree = BUILT_PRODUCTS_DIR; };
		DAA497E12A19017B001F888D /* FireStoretest.xctest */ = {isa = PBXFileReference; explicitFileType = wrapper.cfbundle; includeInIndex = 0; name = FireStoretest.xctest; path = "/Users/ihyeonseo/foreign-student-support/FirebaseStarterSwiftUIApp/build/Debug/FireStoretest.xctest"; sourceTree = "<absolute>"; };
		DAA497E42A1904DA001F888D /* UserConfig.swift */ = {isa = PBXFileReference; lastKnownFileType = sourcecode.swift; path = UserConfig.swift; sourceTree = "<group>"; };
		DAB423D72A2CB75D00420121 /* RefreshView.swift */ = {isa = PBXFileReference; lastKnownFileType = sourcecode.swift; path = RefreshView.swift; sourceTree = "<group>"; };
		DAED40C12A1E5B5F0047C8E1 /* BoardConfigViewModel.swift */ = {isa = PBXFileReference; lastKnownFileType = sourcecode.swift; path = BoardConfigViewModel.swift; sourceTree = "<group>"; };
		DB8C10DB8C90574AB4F8C3C3 /* Pods_FirebaseStarterSwiftUIApp.framework */ = {isa = PBXFileReference; explicitFileType = wrapper.framework; includeInIndex = 0; path = Pods_FirebaseStarterSwiftUIApp.framework; sourceTree = BUILT_PRODUCTS_DIR; };
		EFC04FC652303ADBA7DDA3FB /* Pods-FirebaseStarterSwiftUIApp.debug.xcconfig */ = {isa = PBXFileReference; includeInIndex = 1; lastKnownFileType = text.xcconfig; name = "Pods-FirebaseStarterSwiftUIApp.debug.xcconfig"; path = "Target Support Files/Pods-FirebaseStarterSwiftUIApp/Pods-FirebaseStarterSwiftUIApp.debug.xcconfig"; sourceTree = "<group>"; };
		F32A5DE82A38D3CC008EB168 /* FavorBoardHomeView.swift */ = {isa = PBXFileReference; fileEncoding = 4; lastKnownFileType = sourcecode.swift; path = FavorBoardHomeView.swift; sourceTree = "<group>"; };
		F32A5DEA2A38D3DE008EB168 /* SendMsgView.swift */ = {isa = PBXFileReference; fileEncoding = 4; lastKnownFileType = sourcecode.swift; path = SendMsgView.swift; sourceTree = "<group>"; };
		F32A5DEC2A38DE08008EB168 /* UserInfoView.swift */ = {isa = PBXFileReference; fileEncoding = 4; lastKnownFileType = sourcecode.swift; path = UserInfoView.swift; sourceTree = "<group>"; };
		F32A5DEE2A38DE11008EB168 /* adminAuth.swift */ = {isa = PBXFileReference; fileEncoding = 4; lastKnownFileType = sourcecode.swift; path = adminAuth.swift; sourceTree = "<group>"; };
		F32A5DF02A38DE18008EB168 /* WriteNoticeView.swift */ = {isa = PBXFileReference; fileEncoding = 4; lastKnownFileType = sourcecode.swift; path = WriteNoticeView.swift; sourceTree = "<group>"; };
		F32A5DF32A3C3E42008EB168 /* MapView.swift */ = {isa = PBXFileReference; lastKnownFileType = sourcecode.swift; path = MapView.swift; sourceTree = "<group>"; };
		F3690BCE2A1F8774006556D8 /* ChatGPTAPI.swift */ = {isa = PBXFileReference; fileEncoding = 4; lastKnownFileType = sourcecode.swift; path = ChatGPTAPI.swift; sourceTree = "<group>"; };
		F3690BCF2A1F8774006556D8 /* GPT_API_Models.swift */ = {isa = PBXFileReference; fileEncoding = 4; lastKnownFileType = sourcecode.swift; path = GPT_API_Models.swift; sourceTree = "<group>"; };
		F3B3974F2A08E4D40060974D /* Content.swift */ = {isa = PBXFileReference; fileEncoding = 4; lastKnownFileType = sourcecode.swift; path = Content.swift; sourceTree = "<group>"; };
		F3B397512A08E5000060974D /* boardmain.swift */ = {isa = PBXFileReference; fileEncoding = 4; lastKnownFileType = sourcecode.swift; path = boardmain.swift; sourceTree = "<group>"; };
		F3B397532A08E5100060974D /* ContentDetail.swift */ = {isa = PBXFileReference; fileEncoding = 4; lastKnownFileType = sourcecode.swift; path = ContentDetail.swift; sourceTree = "<group>"; };
		F3B397552A08E51A0060974D /* ContentRow.swift */ = {isa = PBXFileReference; fileEncoding = 4; lastKnownFileType = sourcecode.swift; path = ContentRow.swift; sourceTree = "<group>"; };
/* End PBXFileReference section */

/* Begin PBXFrameworksBuildPhase section */
		30127DC424DE506300576F65 /* Frameworks */ = {
			isa = PBXFrameworksBuildPhase;
			buildActionMask = 2147483647;
			files = (
				56B401D3083432E1950758D7 /* Pods_FirebaseStarterSwiftUIApp.framework in Frameworks */,
			);
			runOnlyForDeploymentPostprocessing = 0;
		};
		3C203BCD2A06DED300137D5C /* Frameworks */ = {
			isa = PBXFrameworksBuildPhase;
			buildActionMask = 2147483647;
			files = (
			);
			runOnlyForDeploymentPostprocessing = 0;
		};
		AEA70DF52A1DE4A800966118 /* Frameworks */ = {
			isa = PBXFrameworksBuildPhase;
			buildActionMask = 2147483647;
			files = (
				AEA70DFA2A1DE4A800966118 /* Intents.framework in Frameworks */,
			);
			runOnlyForDeploymentPostprocessing = 0;
		};
		AEA70E092A1E145200966118 /* Frameworks */ = {
			isa = PBXFrameworksBuildPhase;
			buildActionMask = 2147483647;
			files = (
				AEA70E0E2A1E145200966118 /* IntentsUI.framework in Frameworks */,
			);
			runOnlyForDeploymentPostprocessing = 0;
		};
/* End PBXFrameworksBuildPhase section */

/* Begin PBXGroup section */
		30127DBE24DE506300576F65 = {
			isa = PBXGroup;
			children = (
				AEA70DF32A1DE46900966118 /* OpenSiriKitIntentsDef.intentdefinition */,
				30127DC924DE506300576F65 /* FirebaseStarterSwiftUIApp */,
				3C203BD12A06DED300137D5C /* FireStoretest */,
				8BB326AC4AD1A45FA13BD7DE /* Pods */,
				AEA70DFB2A1DE4A800966118 /* OpenSiriKitIntentExtension */,
				AEA70E0F2A1E145200966118 /* OpenSiriKitUI */,
				B113BEC14339CA90855842E2 /* Frameworks */,
				DAA497E02A19017B001F888D /* FirebaseStarterSwiftUIApp.app */,
				AEA70DF82A1DE4A800966118 /* OpenSiriKitIntentExtension.appex */,
				AEA70E0C2A1E145200966118 /* OpenSiriKitUI.appex */,
			);
			sourceTree = "<group>";
		};
		30127DC924DE506300576F65 /* FirebaseStarterSwiftUIApp */ = {
			isa = PBXGroup;
			children = (
				AE5F30022A207A4600E593CC /* FirebaseStarterSwiftUIAppDebug.entitlements */,
				F3690BCD2A1F8774006556D8 /* openAI */,
				DAA497E22A1904BA001F888D /* Data */,
				30127DD824DE506500576F65 /* Info.plist */,
				DA4A4BB42A06352700D5BA11 /* GoogleService-Info.plist */,
				DA3C0BE02A17B6FC0033D2BD /* Source */,
				DA3C0BDF2A17B6C20033D2BD /* application */,
				30DDE0B724EABC8100208D32 /* Model */,
				30F0AF9924E9885E0084CE6E /* Components */,
				30F0AF9624E985D40084CE6E /* Configuration */,
				30F0AF9524E9855C0084CE6E /* Service */,
				30F0AF9424E985390084CE6E /* ViewModel */,
				30F0AF9324E985240084CE6E /* View */,
				30127DD224DE506500576F65 /* Preview Content */,
			);
			path = FirebaseStarterSwiftUIApp;
			sourceTree = "<group>";
		};
		30127DD224DE506500576F65 /* Preview Content */ = {
			isa = PBXGroup;
			children = (
				30127DD324DE506500576F65 /* Preview Assets.xcassets */,
			);
			path = "Preview Content";
			sourceTree = "<group>";
		};
		30DDE0B724EABC8100208D32 /* Model */ = {
			isa = PBXGroup;
			children = (
				30DDE0B824EABC9700208D32 /* User.swift */,
				DA131E882A0B573F0033D67F /* Board.swift */,
			);
			path = Model;
			sourceTree = "<group>";
		};
		30F0AF9324E985240084CE6E /* View */ = {
			isa = PBXGroup;
			children = (
				F32A5DF22A3C3E16008EB168 /* mapView */,
				DA3C0BD82A17B5F70033D2BD /* userView */,
				DA3C0BD72A17B5E60033D2BD /* homeView */,
				DA3C0BD62A17B5D00033D2BD /* commonView */,
				DA3C0BD52A17B5A80033D2BD /* authView */,
				F3B3974E2A08E2D70060974D /* comBoard */,
			);
			path = View;
			sourceTree = "<group>";
		};
		30F0AF9424E985390084CE6E /* ViewModel */ = {
			isa = PBXGroup;
			children = (
				DAED40C02A1E5B390047C8E1 /* board */,
				DA3C0BDE2A17B6B50033D2BD /* user */,
				DA3C0BDD2A17B6A00033D2BD /* common */,
				DA3C0BDC2A17B6960033D2BD /* auth */,
			);
			path = ViewModel;
			sourceTree = "<group>";
		};
		30F0AF9524E9855C0084CE6E /* Service */ = {
			isa = PBXGroup;
			children = (
				DA3C0BDB2A17B68D0033D2BD /* user */,
				DA3C0BDA2A17B6710033D2BD /* board */,
				DA3C0BD92A17B66C0033D2BD /* auth */,
				DA3C0BE52A17CAD70033D2BD /* RootAPI.swift */,
			);
			path = Service;
			sourceTree = "<group>";
		};
		30F0AF9624E985D40084CE6E /* Configuration */ = {
			isa = PBXGroup;
			children = (
				30D8C5F024E77CFB00CB0858 /* UIConfiguration.swift */,
				30D8C5F224E77DDE00CB0858 /* UIColorExt.swift */,
				30DDE0C024EC2AD300208D32 /* AppState.swift */,
			);
			path = Configuration;
			sourceTree = "<group>";
		};
		30F0AF9924E9885E0084CE6E /* Components */ = {
			isa = PBXGroup;
			children = (
				30D8C5EE24E77C8000CB0858 /* CustomModifier.swift */,
				30F0AF9A24E989020084CE6E /* CustomTextField.swift */,
				DA5C176D2A16846F00CDCED1 /* NavigationBarModifier.swift */,
			);
			path = Components;
			sourceTree = "<group>";
		};
		3C203BD12A06DED300137D5C /* FireStoretest */ = {
			isa = PBXGroup;
			children = (
				3C203BD22A06DED300137D5C /* FireStoretest.swift */,
			);
			path = FireStoretest;
			sourceTree = "<group>";
		};
		8BB326AC4AD1A45FA13BD7DE /* Pods */ = {
			isa = PBXGroup;
			children = (
				EFC04FC652303ADBA7DDA3FB /* Pods-FirebaseStarterSwiftUIApp.debug.xcconfig */,
				605659B60AC36406DB1250BF /* Pods-FirebaseStarterSwiftUIApp.release.xcconfig */,
			);
			path = Pods;
			sourceTree = "<group>";
		};
		AEA70DFB2A1DE4A800966118 /* OpenSiriKitIntentExtension */ = {
			isa = PBXGroup;
			children = (
				AEA70DFC2A1DE4A800966118 /* IntentHandler.swift */,
				AEA70DFE2A1DE4A800966118 /* Info.plist */,
			);
			path = OpenSiriKitIntentExtension;
			sourceTree = "<group>";
		};
		AEA70E0F2A1E145200966118 /* OpenSiriKitUI */ = {
			isa = PBXGroup;
			children = (
				AE9852D92A26F13C0092929B /* openai-logo.png */,
				AEA70E102A1E145200966118 /* IntentViewController.swift */,
				AEA70E122A1E145200966118 /* MainInterface.storyboard */,
				AEA70E152A1E145200966118 /* Info.plist */,
			);
			path = OpenSiriKitUI;
			sourceTree = "<group>";
		};
		B113BEC14339CA90855842E2 /* Frameworks */ = {
			isa = PBXGroup;
			children = (
				171629672913603100CFB356 /* FBSDKCoreKit.xcframework */,
				DB8C10DB8C90574AB4F8C3C3 /* Pods_FirebaseStarterSwiftUIApp.framework */,
				AEA70DF92A1DE4A800966118 /* Intents.framework */,
				AEA70E0D2A1E145200966118 /* IntentsUI.framework */,
			);
			name = Frameworks;
			sourceTree = "<group>";
		};
		DA3C0BD52A17B5A80033D2BD /* authView */ = {
			isa = PBXGroup;
			children = (
				30D8C60124E818D300CB0858 /* SignUpView.swift */,
				30127DCE24DE506300576F65 /* SignInView.swift */,
			);
			path = authView;
			sourceTree = "<group>";
		};
		DA3C0BD62A17B5D00033D2BD /* commonView */ = {
			isa = PBXGroup;
			children = (
				30D8C5EC24E7755600CB0858 /* WelcomeView.swift */,
				30DDE0BC24EC21E900208D32 /* DrawerView.swift */,
				30F0AF9124E976410084CE6E /* SplashView.swift */,
				DAB423D72A2CB75D00420121 /* RefreshView.swift */,
			);
			path = commonView;
			sourceTree = "<group>";
		};
		DA3C0BD72A17B5E60033D2BD /* homeView */ = {
			isa = PBXGroup;
			children = (
				30DDE0BE24EC2A7C00208D32 /* HomeView.swift */,
			);
			path = homeView;
			sourceTree = "<group>";
		};
		DA3C0BD82A17B5F70033D2BD /* userView */ = {
			isa = PBXGroup;
			children = (
				DA3C0BD02A17AF9D0033D2BD /* UserDetailView.swift */,
				DA5C176F2A168EB900CDCED1 /* UserInformation.swift */,
				F32A5DEC2A38DE08008EB168 /* UserInfoView.swift */,
				F32A5DEE2A38DE11008EB168 /* adminAuth.swift */,
				F32A5DF02A38DE18008EB168 /* WriteNoticeView.swift */,
				AE826F1D2A3CD25200A5F327 /* MyPostsView.swift */,
			);
			path = userView;
			sourceTree = "<group>";
		};
		DA3C0BD92A17B66C0033D2BD /* auth */ = {
			isa = PBXGroup;
			children = (
				30F0AF8B24E92D160084CE6E /* AuthAPI.swift */,
				30F0AF8D24E92E360084CE6E /* AuthService.swift */,
			);
			path = auth;
			sourceTree = "<group>";
		};
		DA3C0BDA2A17B6710033D2BD /* board */ = {
			isa = PBXGroup;
			children = (
				DA131E8A2A0B57E60033D67F /* BoardAPI.swift */,
				DA131E8C2A0B584C0033D67F /* BoardService.swift */,
			);
			path = board;
			sourceTree = "<group>";
		};
		DA3C0BDB2A17B68D0033D2BD /* user */ = {
			isa = PBXGroup;
			children = (
				DA7E45162A1795C200AB1899 /* UserService.swift */,
				DA7E45182A1795CA00AB1899 /* UserAPI.swift */,
				AEB2B2412A3D8D940008200D /* AllPostsService.swift */,
			);
			path = user;
			sourceTree = "<group>";
		};
		DA3C0BDC2A17B6960033D2BD /* auth */ = {
			isa = PBXGroup;
			children = (
				30A39BEC24DF999900EE7E2E /* SignUpViewModel.swift */,
				30F0AF9724E9868D0084CE6E /* SignInViewModel.swift */,
			);
			path = auth;
			sourceTree = "<group>";
		};
		DA3C0BDD2A17B6A00033D2BD /* common */ = {
			isa = PBXGroup;
			children = (
				30F0AF8F24E967920084CE6E /* StatusViewModel.swift */,
			);
			path = common;
			sourceTree = "<group>";
		};
		DA3C0BDE2A17B6B50033D2BD /* user */ = {
			isa = PBXGroup;
			children = (
				DAA490522A1692C6009F0374 /* UserConfigViewModel.swift */,
				AE826F1F2A3D7B8A00A5F327 /* MyPostsViewModel.swift */,
			);
			path = user;
			sourceTree = "<group>";
		};
		DA3C0BDF2A17B6C20033D2BD /* application */ = {
			isa = PBXGroup;
			children = (
				30127DCA24DE506300576F65 /* AppDelegate.swift */,
				30127DCC24DE506300576F65 /* SceneDelegate.swift */,
			);
			path = application;
			sourceTree = "<group>";
		};
		DA3C0BE02A17B6FC0033D2BD /* Source */ = {
			isa = PBXGroup;
			children = (
				30127DD024DE506500576F65 /* Assets.xcassets */,
				DA955AF02A3DD24500E5F1F4 /* LaunchScreen.storyboard */,
			);
			path = Source;
			sourceTree = "<group>";
		};
		DAA497E22A1904BA001F888D /* Data */ = {
			isa = PBXGroup;
			children = (
				DAA497E32A1904C4001F888D /* Configuration */,
			);
			path = Data;
			sourceTree = "<group>";
		};
		DAA497E32A1904C4001F888D /* Configuration */ = {
			isa = PBXGroup;
			children = (
				DAA497E42A1904DA001F888D /* UserConfig.swift */,
			);
			path = Configuration;
			sourceTree = "<group>";
		};
		DAED40C02A1E5B390047C8E1 /* board */ = {
			isa = PBXGroup;
			children = (
				DAED40C12A1E5B5F0047C8E1 /* BoardConfigViewModel.swift */,
			);
			path = board;
			sourceTree = "<group>";
		};
		F32A5DF22A3C3E16008EB168 /* mapView */ = {
			isa = PBXGroup;
			children = (
				F32A5DF32A3C3E42008EB168 /* MapView.swift */,
			);
			path = mapView;
			sourceTree = "<group>";
		};
		F3690BCD2A1F8774006556D8 /* openAI */ = {
			isa = PBXGroup;
			children = (
				F3690BCE2A1F8774006556D8 /* ChatGPTAPI.swift */,
				F3690BCF2A1F8774006556D8 /* GPT_API_Models.swift */,
			);
			path = openAI;
			sourceTree = "<group>";
		};
		F3B3974E2A08E2D70060974D /* comBoard */ = {
			isa = PBXGroup;
			children = (
				F3B397552A08E51A0060974D /* ContentRow.swift */,
				AE826F212A3D7FC900A5F327 /* ReplyRowView.swift */,
				AE826F232A3D817200A5F327 /* ReplyOfReplyRowView.swift */,
				F3B397532A08E5100060974D /* ContentDetail.swift */,
				F3B397512A08E5000060974D /* boardmain.swift */,
				F3B3974F2A08E4D40060974D /* Content.swift */,
				DA151A122A1DFE170007853C /* BoardTabInnerView.swift */,
				F32A5DEA2A38D3DE008EB168 /* SendMsgView.swift */,
				F32A5DE82A38D3CC008EB168 /* FavorBoardHomeView.swift */,
			);
			path = comBoard;
			sourceTree = "<group>";
		};
/* End PBXGroup section */

/* Begin PBXNativeTarget section */
		30127DC624DE506300576F65 /* FirebaseStarterSwiftUIApp */ = {
			isa = PBXNativeTarget;
			buildConfigurationList = 30127DDB24DE506500576F65 /* Build configuration list for PBXNativeTarget "FirebaseStarterSwiftUIApp" */;
			buildPhases = (
				C0EB173A2837417ADCC84170 /* [CP] Check Pods Manifest.lock */,
				30127DC324DE506300576F65 /* Sources */,
				30127DC424DE506300576F65 /* Frameworks */,
				30127DC524DE506300576F65 /* Resources */,
				E059528AF1B5B07599510137 /* [CP] Embed Pods Frameworks */,
				AEA70E052A1DE4A800966118 /* Embed Foundation Extensions */,
			);
			buildRules = (
			);
			dependencies = (
				AEA70E002A1DE4A800966118 /* PBXTargetDependency */,
				AEA70E172A1E145200966118 /* PBXTargetDependency */,
			);
			name = FirebaseStarterSwiftUIApp;
			productName = SwiftUIChatAppKit;
			productReference = DAA497E02A19017B001F888D /* FirebaseStarterSwiftUIApp.app */;
			productType = "com.apple.product-type.application";
		};
		3C203BCF2A06DED300137D5C /* FireStoretest */ = {
			isa = PBXNativeTarget;
			buildConfigurationList = 3C203BD62A06DED300137D5C /* Build configuration list for PBXNativeTarget "FireStoretest" */;
			buildPhases = (
				3C203BCC2A06DED300137D5C /* Sources */,
				3C203BCD2A06DED300137D5C /* Frameworks */,
				3C203BCE2A06DED300137D5C /* Resources */,
			);
			buildRules = (
			);
			dependencies = (
				3C203BD52A06DED300137D5C /* PBXTargetDependency */,
			);
			name = FireStoretest;
			productName = FireStoretest;
			productReference = DAA497E12A19017B001F888D /* FireStoretest.xctest */;
			productType = "com.apple.product-type.bundle.unit-test";
		};
		AEA70DF72A1DE4A800966118 /* OpenSiriKitIntentExtension */ = {
			isa = PBXNativeTarget;
			buildConfigurationList = AEA70E022A1DE4A800966118 /* Build configuration list for PBXNativeTarget "OpenSiriKitIntentExtension" */;
			buildPhases = (
				AEA70DF42A1DE4A800966118 /* Sources */,
				AEA70DF52A1DE4A800966118 /* Frameworks */,
				AEA70DF62A1DE4A800966118 /* Resources */,
			);
			buildRules = (
			);
			dependencies = (
			);
			name = OpenSiriKitIntentExtension;
			productName = OpenSiriKitIntentExtension;
			productReference = AEA70DF82A1DE4A800966118 /* OpenSiriKitIntentExtension.appex */;
			productType = "com.apple.product-type.app-extension";
		};
		AEA70E0B2A1E145200966118 /* OpenSiriKitUI */ = {
			isa = PBXNativeTarget;
			buildConfigurationList = AEA70E192A1E145200966118 /* Build configuration list for PBXNativeTarget "OpenSiriKitUI" */;
			buildPhases = (
				AEA70E082A1E145200966118 /* Sources */,
				AEA70E092A1E145200966118 /* Frameworks */,
				AEA70E0A2A1E145200966118 /* Resources */,
			);
			buildRules = (
			);
			dependencies = (
			);
			name = OpenSiriKitUI;
			productName = OpenSiriKitUI;
			productReference = AEA70E0C2A1E145200966118 /* OpenSiriKitUI.appex */;
			productType = "com.apple.product-type.app-extension";
		};
/* End PBXNativeTarget section */

/* Begin PBXProject section */
		30127DBF24DE506300576F65 /* Project object */ = {
			isa = PBXProject;
			attributes = {
				LastSwiftUpdateCheck = 1420;
				LastUpgradeCheck = 1150;
				ORGANIZATIONNAME = "iOS App Templates";
				TargetAttributes = {
					30127DC624DE506300576F65 = {
						CreatedOnToolsVersion = 11.5;
					};
					3C203BCF2A06DED300137D5C = {
						CreatedOnToolsVersion = 14.2;
						TestTargetID = 30127DC624DE506300576F65;
					};
					AEA70DF72A1DE4A800966118 = {
						CreatedOnToolsVersion = 14.2;
					};
					AEA70E0B2A1E145200966118 = {
						CreatedOnToolsVersion = 14.2;
					};
				};
			};
			buildConfigurationList = 30127DC224DE506300576F65 /* Build configuration list for PBXProject "FirebaseStarterSwiftUIApp" */;
			compatibilityVersion = "Xcode 9.3";
			developmentRegion = en;
			hasScannedForEncodings = 0;
			knownRegions = (
				en,
				Base,
			);
			mainGroup = 30127DBE24DE506300576F65;
			productRefGroup = 30127DBE24DE506300576F65;
			projectDirPath = "";
			projectRoot = "";
			targets = (
				30127DC624DE506300576F65 /* FirebaseStarterSwiftUIApp */,
				3C203BCF2A06DED300137D5C /* FireStoretest */,
				AEA70DF72A1DE4A800966118 /* OpenSiriKitIntentExtension */,
				AEA70E0B2A1E145200966118 /* OpenSiriKitUI */,
			);
		};
/* End PBXProject section */

/* Begin PBXResourcesBuildPhase section */
		30127DC524DE506300576F65 /* Resources */ = {
			isa = PBXResourcesBuildPhase;
			buildActionMask = 2147483647;
			files = (
				DA4A4BB52A06352700D5BA11 /* GoogleService-Info.plist in Resources */,
				DA955AF12A3DD24500E5F1F4 /* LaunchScreen.storyboard in Resources */,
				30127DD424DE506500576F65 /* Preview Assets.xcassets in Resources */,
				30127DD124DE506500576F65 /* Assets.xcassets in Resources */,
			);
			runOnlyForDeploymentPostprocessing = 0;
		};
		3C203BCE2A06DED300137D5C /* Resources */ = {
			isa = PBXResourcesBuildPhase;
			buildActionMask = 2147483647;
			files = (
			);
			runOnlyForDeploymentPostprocessing = 0;
		};
		AEA70DF62A1DE4A800966118 /* Resources */ = {
			isa = PBXResourcesBuildPhase;
			buildActionMask = 2147483647;
			files = (
			);
			runOnlyForDeploymentPostprocessing = 0;
		};
		AEA70E0A2A1E145200966118 /* Resources */ = {
			isa = PBXResourcesBuildPhase;
			buildActionMask = 2147483647;
			files = (
				AEA70E142A1E145200966118 /* MainInterface.storyboard in Resources */,
				AE9852DA2A26F13C0092929B /* openai-logo.png in Resources */,
			);
			runOnlyForDeploymentPostprocessing = 0;
		};
/* End PBXResourcesBuildPhase section */

/* Begin PBXShellScriptBuildPhase section */
		C0EB173A2837417ADCC84170 /* [CP] Check Pods Manifest.lock */ = {
			isa = PBXShellScriptBuildPhase;
			buildActionMask = 2147483647;
			files = (
			);
			inputFileListPaths = (
			);
			inputPaths = (
				"${PODS_PODFILE_DIR_PATH}/Podfile.lock",
				"${PODS_ROOT}/Manifest.lock",
			);
			name = "[CP] Check Pods Manifest.lock";
			outputFileListPaths = (
			);
			outputPaths = (
				"$(DERIVED_FILE_DIR)/Pods-FirebaseStarterSwiftUIApp-checkManifestLockResult.txt",
			);
			runOnlyForDeploymentPostprocessing = 0;
			shellPath = /bin/sh;
			shellScript = "diff \"${PODS_PODFILE_DIR_PATH}/Podfile.lock\" \"${PODS_ROOT}/Manifest.lock\" > /dev/null\nif [ $? != 0 ] ; then\n    # print error to STDERR\n    echo \"error: The sandbox is not in sync with the Podfile.lock. Run 'pod install' or update your CocoaPods installation.\" >&2\n    exit 1\nfi\n# This output is used by Xcode 'outputs' to avoid re-running this script phase.\necho \"SUCCESS\" > \"${SCRIPT_OUTPUT_FILE_0}\"\n";
			showEnvVarsInLog = 0;
		};
		E059528AF1B5B07599510137 /* [CP] Embed Pods Frameworks */ = {
			isa = PBXShellScriptBuildPhase;
			buildActionMask = 2147483647;
			files = (
			);
			inputFileListPaths = (
				"${PODS_ROOT}/Target Support Files/Pods-FirebaseStarterSwiftUIApp/Pods-FirebaseStarterSwiftUIApp-frameworks-${CONFIGURATION}-input-files.xcfilelist",
			);
			name = "[CP] Embed Pods Frameworks";
			outputFileListPaths = (
				"${PODS_ROOT}/Target Support Files/Pods-FirebaseStarterSwiftUIApp/Pods-FirebaseStarterSwiftUIApp-frameworks-${CONFIGURATION}-output-files.xcfilelist",
			);
			runOnlyForDeploymentPostprocessing = 0;
			shellPath = /bin/sh;
			shellScript = "\"${PODS_ROOT}/Target Support Files/Pods-FirebaseStarterSwiftUIApp/Pods-FirebaseStarterSwiftUIApp-frameworks.sh\"\n";
			showEnvVarsInLog = 0;
		};
/* End PBXShellScriptBuildPhase section */

/* Begin PBXSourcesBuildPhase section */
		30127DC324DE506300576F65 /* Sources */ = {
			isa = PBXSourcesBuildPhase;
			buildActionMask = 2147483647;
			files = (
				DA151A132A1DFE170007853C /* BoardTabInnerView.swift in Sources */,
				DA3C0BD12A17AF9D0033D2BD /* UserDetailView.swift in Sources */,
				F32A5DE92A38D3CC008EB168 /* FavorBoardHomeView.swift in Sources */,
				F3690BD12A1F8775006556D8 /* GPT_API_Models.swift in Sources */,
				AE826F202A3D7B8A00A5F327 /* MyPostsViewModel.swift in Sources */,
				AEB2B2422A3D8D940008200D /* AllPostsService.swift in Sources */,
				30D8C5EF24E77C8000CB0858 /* CustomModifier.swift in Sources */,
				F32A5DF12A38DE18008EB168 /* WriteNoticeView.swift in Sources */,
				F32A5DEF2A38DE11008EB168 /* adminAuth.swift in Sources */,
				30F0AF9224E976410084CE6E /* SplashView.swift in Sources */,
				30DDE0C124EC2AD300208D32 /* AppState.swift in Sources */,
				F32A5DF42A3C3E42008EB168 /* MapView.swift in Sources */,
				DAB423D82A2CB75D00420121 /* RefreshView.swift in Sources */,
				DAA497E52A1904DA001F888D /* UserConfig.swift in Sources */,
				AE826F222A3D7FC900A5F327 /* ReplyRowView.swift in Sources */,
				F32A5DED2A38DE08008EB168 /* UserInfoView.swift in Sources */,
				30D8C5ED24E7755600CB0858 /* WelcomeView.swift in Sources */,
				30127DCB24DE506300576F65 /* AppDelegate.swift in Sources */,
				AE826F1E2A3CD25200A5F327 /* MyPostsView.swift in Sources */,
				DA7E45192A1795CA00AB1899 /* UserAPI.swift in Sources */,
				30DDE0B924EABC9700208D32 /* User.swift in Sources */,
				DA131E8B2A0B57E60033D67F /* BoardAPI.swift in Sources */,
				F32A5DEB2A38D3DE008EB168 /* SendMsgView.swift in Sources */,
				AE826F242A3D817200A5F327 /* ReplyOfReplyRowView.swift in Sources */,
				F3B397502A08E4D40060974D /* Content.swift in Sources */,
				DA5C176E2A16846F00CDCED1 /* NavigationBarModifier.swift in Sources */,
				30F0AF8C24E92D160084CE6E /* AuthAPI.swift in Sources */,
				30DDE0BD24EC21E900208D32 /* DrawerView.swift in Sources */,
				F3B397542A08E5100060974D /* ContentDetail.swift in Sources */,
				30D8C5F324E77DDE00CB0858 /* UIColorExt.swift in Sources */,
				30F0AF8E24E92E360084CE6E /* AuthService.swift in Sources */,
				DA5C17702A168EB900CDCED1 /* UserInformation.swift in Sources */,
				30DDE0BF24EC2A7C00208D32 /* HomeView.swift in Sources */,
				30A39BED24DF999900EE7E2E /* SignUpViewModel.swift in Sources */,
				DA7E45172A1795C200AB1899 /* UserService.swift in Sources */,
				DA3C0BE62A17CAD70033D2BD /* RootAPI.swift in Sources */,
				DAED40C22A1E5B5F0047C8E1 /* BoardConfigViewModel.swift in Sources */,
				30F0AF9024E967920084CE6E /* StatusViewModel.swift in Sources */,
				AEA70E072A1DE81C00966118 /* OpenSiriKitIntentsDef.intentdefinition in Sources */,
				F3B397522A08E5000060974D /* boardmain.swift in Sources */,
				DA131E8D2A0B584C0033D67F /* BoardService.swift in Sources */,
				30D8C60224E818D400CB0858 /* SignUpView.swift in Sources */,
				F3B397562A08E51A0060974D /* ContentRow.swift in Sources */,
				30127DCD24DE506300576F65 /* SceneDelegate.swift in Sources */,
				30D8C5F124E77CFB00CB0858 /* UIConfiguration.swift in Sources */,
				30127DCF24DE506300576F65 /* SignInView.swift in Sources */,
				30F0AF9824E9868D0084CE6E /* SignInViewModel.swift in Sources */,
				F3690BD02A1F8775006556D8 /* ChatGPTAPI.swift in Sources */,
				30F0AF9B24E989020084CE6E /* CustomTextField.swift in Sources */,
				DAA490532A1692C6009F0374 /* UserConfigViewModel.swift in Sources */,
				DA131E892A0B573F0033D67F /* Board.swift in Sources */,
			);
			runOnlyForDeploymentPostprocessing = 0;
		};
		3C203BCC2A06DED300137D5C /* Sources */ = {
			isa = PBXSourcesBuildPhase;
			buildActionMask = 2147483647;
			files = (
				3C203BD32A06DED300137D5C /* FireStoretest.swift in Sources */,
			);
			runOnlyForDeploymentPostprocessing = 0;
		};
		AEA70DF42A1DE4A800966118 /* Sources */ = {
			isa = PBXSourcesBuildPhase;
			buildActionMask = 2147483647;
			files = (
				AEA70E062A1DE7AD00966118 /* OpenSiriKitIntentsDef.intentdefinition in Sources */,
				AEA70DFD2A1DE4A800966118 /* IntentHandler.swift in Sources */,
				AE41CE442A1E26EC00B04424 /* IntentViewController.swift in Sources */,
			);
			runOnlyForDeploymentPostprocessing = 0;
		};
		AEA70E082A1E145200966118 /* Sources */ = {
			isa = PBXSourcesBuildPhase;
			buildActionMask = 2147483647;
			files = (
				AEA70E1C2A1E145F00966118 /* OpenSiriKitIntentsDef.intentdefinition in Sources */,
				AE41CE422A1E265E00B04424 /* IntentHandler.swift in Sources */,
				AEA70E112A1E145200966118 /* IntentViewController.swift in Sources */,
			);
			runOnlyForDeploymentPostprocessing = 0;
		};
/* End PBXSourcesBuildPhase section */

/* Begin PBXTargetDependency section */
		3C203BD52A06DED300137D5C /* PBXTargetDependency */ = {
			isa = PBXTargetDependency;
			target = 30127DC624DE506300576F65 /* FirebaseStarterSwiftUIApp */;
			targetProxy = 3C203BD42A06DED300137D5C /* PBXContainerItemProxy */;
		};
		AEA70E002A1DE4A800966118 /* PBXTargetDependency */ = {
			isa = PBXTargetDependency;
			target = AEA70DF72A1DE4A800966118 /* OpenSiriKitIntentExtension */;
			targetProxy = AEA70DFF2A1DE4A800966118 /* PBXContainerItemProxy */;
		};
		AEA70E172A1E145200966118 /* PBXTargetDependency */ = {
			isa = PBXTargetDependency;
			target = AEA70E0B2A1E145200966118 /* OpenSiriKitUI */;
			targetProxy = AEA70E162A1E145200966118 /* PBXContainerItemProxy */;
		};
/* End PBXTargetDependency section */

/* Begin PBXVariantGroup section */
		AEA70E122A1E145200966118 /* MainInterface.storyboard */ = {
			isa = PBXVariantGroup;
			children = (
				AEA70E132A1E145200966118 /* Base */,
			);
			name = MainInterface.storyboard;
			sourceTree = "<group>";
		};
/* End PBXVariantGroup section */

/* Begin XCBuildConfiguration section */
		30127DD924DE506500576F65 /* Debug */ = {
			isa = XCBuildConfiguration;
			buildSettings = {
				ALWAYS_SEARCH_USER_PATHS = NO;
				CLANG_ANALYZER_NONNULL = YES;
				CLANG_ANALYZER_NUMBER_OBJECT_CONVERSION = YES_AGGRESSIVE;
				CLANG_CXX_LANGUAGE_STANDARD = "gnu++14";
				CLANG_CXX_LIBRARY = "libc++";
				CLANG_ENABLE_MODULES = YES;
				CLANG_ENABLE_OBJC_ARC = YES;
				CLANG_ENABLE_OBJC_WEAK = YES;
				CLANG_WARN_BLOCK_CAPTURE_AUTORELEASING = YES;
				CLANG_WARN_BOOL_CONVERSION = YES;
				CLANG_WARN_COMMA = YES;
				CLANG_WARN_CONSTANT_CONVERSION = YES;
				CLANG_WARN_DEPRECATED_OBJC_IMPLEMENTATIONS = YES;
				CLANG_WARN_DIRECT_OBJC_ISA_USAGE = YES_ERROR;
				CLANG_WARN_DOCUMENTATION_COMMENTS = YES;
				CLANG_WARN_EMPTY_BODY = YES;
				CLANG_WARN_ENUM_CONVERSION = YES;
				CLANG_WARN_INFINITE_RECURSION = YES;
				CLANG_WARN_INT_CONVERSION = YES;
				CLANG_WARN_NON_LITERAL_NULL_CONVERSION = YES;
				CLANG_WARN_OBJC_IMPLICIT_RETAIN_SELF = YES;
				CLANG_WARN_OBJC_LITERAL_CONVERSION = YES;
				CLANG_WARN_OBJC_ROOT_CLASS = YES_ERROR;
				CLANG_WARN_RANGE_LOOP_ANALYSIS = YES;
				CLANG_WARN_STRICT_PROTOTYPES = YES;
				CLANG_WARN_SUSPICIOUS_MOVE = YES;
				CLANG_WARN_UNGUARDED_AVAILABILITY = YES_AGGRESSIVE;
				CLANG_WARN_UNREACHABLE_CODE = YES;
				CLANG_WARN__DUPLICATE_METHOD_MATCH = YES;
				COPY_PHASE_STRIP = NO;
				DEBUG_INFORMATION_FORMAT = dwarf;
				ENABLE_STRICT_OBJC_MSGSEND = YES;
				ENABLE_TESTABILITY = YES;
				GCC_C_LANGUAGE_STANDARD = gnu11;
				GCC_DYNAMIC_NO_PIC = NO;
				GCC_NO_COMMON_BLOCKS = YES;
				GCC_OPTIMIZATION_LEVEL = 0;
				GCC_PREPROCESSOR_DEFINITIONS = (
					"DEBUG=1",
					"$(inherited)",
				);
				GCC_WARN_64_TO_32_BIT_CONVERSION = YES;
				GCC_WARN_ABOUT_RETURN_TYPE = YES_ERROR;
				GCC_WARN_UNDECLARED_SELECTOR = YES;
				GCC_WARN_UNINITIALIZED_AUTOS = YES_AGGRESSIVE;
				GCC_WARN_UNUSED_FUNCTION = YES;
				GCC_WARN_UNUSED_VARIABLE = YES;
				IPHONEOS_DEPLOYMENT_TARGET = 15.1;
				MTL_ENABLE_DEBUG_INFO = INCLUDE_SOURCE;
				MTL_FAST_MATH = YES;
				ONLY_ACTIVE_ARCH = YES;
				SDKROOT = iphoneos;
				SWIFT_ACTIVE_COMPILATION_CONDITIONS = DEBUG;
				SWIFT_OPTIMIZATION_LEVEL = "-Onone";
			};
			name = Debug;
		};
		30127DDA24DE506500576F65 /* Release */ = {
			isa = XCBuildConfiguration;
			buildSettings = {
				ALWAYS_SEARCH_USER_PATHS = NO;
				CLANG_ANALYZER_NONNULL = YES;
				CLANG_ANALYZER_NUMBER_OBJECT_CONVERSION = YES_AGGRESSIVE;
				CLANG_CXX_LANGUAGE_STANDARD = "gnu++14";
				CLANG_CXX_LIBRARY = "libc++";
				CLANG_ENABLE_MODULES = YES;
				CLANG_ENABLE_OBJC_ARC = YES;
				CLANG_ENABLE_OBJC_WEAK = YES;
				CLANG_WARN_BLOCK_CAPTURE_AUTORELEASING = YES;
				CLANG_WARN_BOOL_CONVERSION = YES;
				CLANG_WARN_COMMA = YES;
				CLANG_WARN_CONSTANT_CONVERSION = YES;
				CLANG_WARN_DEPRECATED_OBJC_IMPLEMENTATIONS = YES;
				CLANG_WARN_DIRECT_OBJC_ISA_USAGE = YES_ERROR;
				CLANG_WARN_DOCUMENTATION_COMMENTS = YES;
				CLANG_WARN_EMPTY_BODY = YES;
				CLANG_WARN_ENUM_CONVERSION = YES;
				CLANG_WARN_INFINITE_RECURSION = YES;
				CLANG_WARN_INT_CONVERSION = YES;
				CLANG_WARN_NON_LITERAL_NULL_CONVERSION = YES;
				CLANG_WARN_OBJC_IMPLICIT_RETAIN_SELF = YES;
				CLANG_WARN_OBJC_LITERAL_CONVERSION = YES;
				CLANG_WARN_OBJC_ROOT_CLASS = YES_ERROR;
				CLANG_WARN_RANGE_LOOP_ANALYSIS = YES;
				CLANG_WARN_STRICT_PROTOTYPES = YES;
				CLANG_WARN_SUSPICIOUS_MOVE = YES;
				CLANG_WARN_UNGUARDED_AVAILABILITY = YES_AGGRESSIVE;
				CLANG_WARN_UNREACHABLE_CODE = YES;
				CLANG_WARN__DUPLICATE_METHOD_MATCH = YES;
				COPY_PHASE_STRIP = NO;
				DEBUG_INFORMATION_FORMAT = "dwarf-with-dsym";
				ENABLE_NS_ASSERTIONS = NO;
				ENABLE_STRICT_OBJC_MSGSEND = YES;
				GCC_C_LANGUAGE_STANDARD = gnu11;
				GCC_NO_COMMON_BLOCKS = YES;
				GCC_WARN_64_TO_32_BIT_CONVERSION = YES;
				GCC_WARN_ABOUT_RETURN_TYPE = YES_ERROR;
				GCC_WARN_UNDECLARED_SELECTOR = YES;
				GCC_WARN_UNINITIALIZED_AUTOS = YES_AGGRESSIVE;
				GCC_WARN_UNUSED_FUNCTION = YES;
				GCC_WARN_UNUSED_VARIABLE = YES;
				IPHONEOS_DEPLOYMENT_TARGET = 15.1;
				MTL_ENABLE_DEBUG_INFO = NO;
				MTL_FAST_MATH = YES;
				SDKROOT = iphoneos;
				SWIFT_COMPILATION_MODE = wholemodule;
				SWIFT_OPTIMIZATION_LEVEL = "-O";
				VALIDATE_PRODUCT = YES;
			};
			name = Release;
		};
		30127DDC24DE506500576F65 /* Debug */ = {
			isa = XCBuildConfiguration;
			baseConfigurationReference = EFC04FC652303ADBA7DDA3FB /* Pods-FirebaseStarterSwiftUIApp.debug.xcconfig */;
			buildSettings = {
				ALWAYS_EMBED_SWIFT_STANDARD_LIBRARIES = YES;
				ASSETCATALOG_COMPILER_APPICON_NAME = AppIcon;
				CODE_SIGN_ENTITLEMENTS = FirebaseStarterSwiftUIApp/FirebaseStarterSwiftUIAppDebug.entitlements;
				CODE_SIGN_STYLE = Automatic;
				DEVELOPMENT_ASSET_PATHS = "";
				ENABLE_PREVIEWS = YES;
				INFOPLIST_FILE = "$(SRCROOT)/FirebaseStarterSwiftUIApp/Info.plist";
				IPHONEOS_DEPLOYMENT_TARGET = 15.1;
				LD_RUNPATH_SEARCH_PATHS = (
					"$(inherited)",
					"@executable_path/Frameworks",
				);
				PRODUCT_BUNDLE_IDENTIFIER = iosapptemplate.tutorial.StarterSwiftUIApp;
				PRODUCT_NAME = FirebaseStarterSwiftUIApp;
				SWIFT_VERSION = 5.0;
				TARGETED_DEVICE_FAMILY = "1,2";
			};
			name = Debug;
		};
		30127DDD24DE506500576F65 /* Release */ = {
			isa = XCBuildConfiguration;
			baseConfigurationReference = 605659B60AC36406DB1250BF /* Pods-FirebaseStarterSwiftUIApp.release.xcconfig */;
			buildSettings = {
				ALWAYS_EMBED_SWIFT_STANDARD_LIBRARIES = YES;
				ASSETCATALOG_COMPILER_APPICON_NAME = AppIcon;
				CODE_SIGN_STYLE = Automatic;
				DEVELOPMENT_ASSET_PATHS = "";
				ENABLE_PREVIEWS = YES;
				INFOPLIST_FILE = "$(SRCROOT)/FirebaseStarterSwiftUIApp/Info.plist";
				IPHONEOS_DEPLOYMENT_TARGET = 15.1;
				LD_RUNPATH_SEARCH_PATHS = (
					"$(inherited)",
					"@executable_path/Frameworks",
				);
				PRODUCT_BUNDLE_IDENTIFIER = iosapptemplate.tutorial.StarterSwiftUIApp;
				PRODUCT_NAME = FirebaseStarterSwiftUIApp;
				SWIFT_VERSION = 5.0;
				TARGETED_DEVICE_FAMILY = "1,2";
			};
			name = Release;
		};
		3C203BD72A06DED300137D5C /* Debug */ = {
			isa = XCBuildConfiguration;
			buildSettings = {
				BUNDLE_LOADER = "$(TEST_HOST)";
				CLANG_CXX_LANGUAGE_STANDARD = "gnu++20";
				CLANG_WARN_QUOTED_INCLUDE_IN_FRAMEWORK_HEADER = YES;
				CODE_SIGN_STYLE = Automatic;
				CURRENT_PROJECT_VERSION = 1;
				GENERATE_INFOPLIST_FILE = YES;
				IPHONEOS_DEPLOYMENT_TARGET = 16.2;
				MACOSX_DEPLOYMENT_TARGET = 12.6;
				MARKETING_VERSION = 1.0;
				PRODUCT_BUNDLE_IDENTIFIER = junha.FireStoretest;
				PRODUCT_NAME = "$(TARGET_NAME)";
				SDKROOT = auto;
				SUPPORTED_PLATFORMS = "iphoneos iphonesimulator macosx";
				SWIFT_EMIT_LOC_STRINGS = NO;
				SWIFT_VERSION = 5.0;
				TARGETED_DEVICE_FAMILY = "1,2";
				TEST_HOST = "$(BUILT_PRODUCTS_DIR)/FirebaseStarterSwiftUIApp.app/$(BUNDLE_EXECUTABLE_FOLDER_PATH)/FirebaseStarterSwiftUIApp";
			};
			name = Debug;
		};
		3C203BD82A06DED300137D5C /* Release */ = {
			isa = XCBuildConfiguration;
			buildSettings = {
				BUNDLE_LOADER = "$(TEST_HOST)";
				CLANG_CXX_LANGUAGE_STANDARD = "gnu++20";
				CLANG_WARN_QUOTED_INCLUDE_IN_FRAMEWORK_HEADER = YES;
				CODE_SIGN_STYLE = Automatic;
				CURRENT_PROJECT_VERSION = 1;
				GENERATE_INFOPLIST_FILE = YES;
				IPHONEOS_DEPLOYMENT_TARGET = 16.2;
				MACOSX_DEPLOYMENT_TARGET = 12.6;
				MARKETING_VERSION = 1.0;
				PRODUCT_BUNDLE_IDENTIFIER = junha.FireStoretest;
				PRODUCT_NAME = "$(TARGET_NAME)";
				SDKROOT = auto;
				SUPPORTED_PLATFORMS = "iphoneos iphonesimulator macosx";
				SWIFT_EMIT_LOC_STRINGS = NO;
				SWIFT_VERSION = 5.0;
				TARGETED_DEVICE_FAMILY = "1,2";
				TEST_HOST = "$(BUILT_PRODUCTS_DIR)/FirebaseStarterSwiftUIApp.app/$(BUNDLE_EXECUTABLE_FOLDER_PATH)/FirebaseStarterSwiftUIApp";
			};
			name = Release;
		};
		AEA70E032A1DE4A800966118 /* Debug */ = {
			isa = XCBuildConfiguration;
			buildSettings = {
				CLANG_CXX_LANGUAGE_STANDARD = "gnu++20";
				CLANG_WARN_QUOTED_INCLUDE_IN_FRAMEWORK_HEADER = YES;
				CODE_SIGN_STYLE = Automatic;
				CURRENT_PROJECT_VERSION = 1;
				GENERATE_INFOPLIST_FILE = YES;
				INFOPLIST_FILE = OpenSiriKitIntentExtension/Info.plist;
				INFOPLIST_KEY_CFBundleDisplayName = OpenSiriKitIntentExtension;
				INFOPLIST_KEY_NSHumanReadableCopyright = "Copyright © 2023 iOS App Templates. All rights reserved.";
				IPHONEOS_DEPLOYMENT_TARGET = 16.2;
				LD_RUNPATH_SEARCH_PATHS = (
					"$(inherited)",
					"@executable_path/Frameworks",
					"@executable_path/../../Frameworks",
				);
				MARKETING_VERSION = 1.0;
				PRODUCT_BUNDLE_IDENTIFIER = iosapptemplate.tutorial.StarterSwiftUIApp.OpenSiriKitIntentExtension;
				PRODUCT_NAME = "$(TARGET_NAME)";
				SKIP_INSTALL = YES;
				SWIFT_EMIT_LOC_STRINGS = YES;
				SWIFT_VERSION = 5.0;
				TARGETED_DEVICE_FAMILY = "1,2";
			};
			name = Debug;
		};
		AEA70E042A1DE4A800966118 /* Release */ = {
			isa = XCBuildConfiguration;
			buildSettings = {
				CLANG_CXX_LANGUAGE_STANDARD = "gnu++20";
				CLANG_WARN_QUOTED_INCLUDE_IN_FRAMEWORK_HEADER = YES;
				CODE_SIGN_STYLE = Automatic;
				CURRENT_PROJECT_VERSION = 1;
				GENERATE_INFOPLIST_FILE = YES;
				INFOPLIST_FILE = OpenSiriKitIntentExtension/Info.plist;
				INFOPLIST_KEY_CFBundleDisplayName = OpenSiriKitIntentExtension;
				INFOPLIST_KEY_NSHumanReadableCopyright = "Copyright © 2023 iOS App Templates. All rights reserved.";
				IPHONEOS_DEPLOYMENT_TARGET = 16.2;
				LD_RUNPATH_SEARCH_PATHS = (
					"$(inherited)",
					"@executable_path/Frameworks",
					"@executable_path/../../Frameworks",
				);
				MARKETING_VERSION = 1.0;
				PRODUCT_BUNDLE_IDENTIFIER = iosapptemplate.tutorial.StarterSwiftUIApp.OpenSiriKitIntentExtension;
				PRODUCT_NAME = "$(TARGET_NAME)";
				SKIP_INSTALL = YES;
				SWIFT_EMIT_LOC_STRINGS = YES;
				SWIFT_VERSION = 5.0;
				TARGETED_DEVICE_FAMILY = "1,2";
			};
			name = Release;
		};
		AEA70E1A2A1E145200966118 /* Debug */ = {
			isa = XCBuildConfiguration;
			buildSettings = {
				CLANG_CXX_LANGUAGE_STANDARD = "gnu++20";
				CLANG_WARN_QUOTED_INCLUDE_IN_FRAMEWORK_HEADER = YES;
				CODE_SIGN_STYLE = Automatic;
				CURRENT_PROJECT_VERSION = 1;
				GENERATE_INFOPLIST_FILE = YES;
				INFOPLIST_FILE = OpenSiriKitUI/Info.plist;
				INFOPLIST_KEY_CFBundleDisplayName = OpenSiriKitUI;
				INFOPLIST_KEY_NSHumanReadableCopyright = "Copyright © 2023 iOS App Templates. All rights reserved.";
				IPHONEOS_DEPLOYMENT_TARGET = 16.2;
				LD_RUNPATH_SEARCH_PATHS = (
					"$(inherited)",
					"@executable_path/Frameworks",
					"@executable_path/../../Frameworks",
				);
				MARKETING_VERSION = 1.0;
				PRODUCT_BUNDLE_IDENTIFIER = iosapptemplate.tutorial.StarterSwiftUIApp.OpenSiriKitUI;
				PRODUCT_NAME = "$(TARGET_NAME)";
				SKIP_INSTALL = YES;
				SWIFT_EMIT_LOC_STRINGS = YES;
				SWIFT_VERSION = 5.0;
				TARGETED_DEVICE_FAMILY = "1,2";
			};
			name = Debug;
		};
		AEA70E1B2A1E145200966118 /* Release */ = {
			isa = XCBuildConfiguration;
			buildSettings = {
				CLANG_CXX_LANGUAGE_STANDARD = "gnu++20";
				CLANG_WARN_QUOTED_INCLUDE_IN_FRAMEWORK_HEADER = YES;
				CODE_SIGN_STYLE = Automatic;
				CURRENT_PROJECT_VERSION = 1;
				GENERATE_INFOPLIST_FILE = YES;
				INFOPLIST_FILE = OpenSiriKitUI/Info.plist;
				INFOPLIST_KEY_CFBundleDisplayName = OpenSiriKitUI;
				INFOPLIST_KEY_NSHumanReadableCopyright = "Copyright © 2023 iOS App Templates. All rights reserved.";
				IPHONEOS_DEPLOYMENT_TARGET = 16.2;
				LD_RUNPATH_SEARCH_PATHS = (
					"$(inherited)",
					"@executable_path/Frameworks",
					"@executable_path/../../Frameworks",
				);
				MARKETING_VERSION = 1.0;
				PRODUCT_BUNDLE_IDENTIFIER = iosapptemplate.tutorial.StarterSwiftUIApp.OpenSiriKitUI;
				PRODUCT_NAME = "$(TARGET_NAME)";
				SKIP_INSTALL = YES;
				SWIFT_EMIT_LOC_STRINGS = YES;
				SWIFT_VERSION = 5.0;
				TARGETED_DEVICE_FAMILY = "1,2";
			};
			name = Release;
		};
/* End XCBuildConfiguration section */

/* Begin XCConfigurationList section */
		30127DC224DE506300576F65 /* Build configuration list for PBXProject "FirebaseStarterSwiftUIApp" */ = {
			isa = XCConfigurationList;
			buildConfigurations = (
				30127DD924DE506500576F65 /* Debug */,
				30127DDA24DE506500576F65 /* Release */,
			);
			defaultConfigurationIsVisible = 0;
			defaultConfigurationName = Release;
		};
		30127DDB24DE506500576F65 /* Build configuration list for PBXNativeTarget "FirebaseStarterSwiftUIApp" */ = {
			isa = XCConfigurationList;
			buildConfigurations = (
				30127DDC24DE506500576F65 /* Debug */,
				30127DDD24DE506500576F65 /* Release */,
			);
			defaultConfigurationIsVisible = 0;
			defaultConfigurationName = Release;
		};
		3C203BD62A06DED300137D5C /* Build configuration list for PBXNativeTarget "FireStoretest" */ = {
			isa = XCConfigurationList;
			buildConfigurations = (
				3C203BD72A06DED300137D5C /* Debug */,
				3C203BD82A06DED300137D5C /* Release */,
			);
			defaultConfigurationIsVisible = 0;
			defaultConfigurationName = Release;
		};
		AEA70E022A1DE4A800966118 /* Build configuration list for PBXNativeTarget "OpenSiriKitIntentExtension" */ = {
			isa = XCConfigurationList;
			buildConfigurations = (
				AEA70E032A1DE4A800966118 /* Debug */,
				AEA70E042A1DE4A800966118 /* Release */,
			);
			defaultConfigurationIsVisible = 0;
			defaultConfigurationName = Release;
		};
		AEA70E192A1E145200966118 /* Build configuration list for PBXNativeTarget "OpenSiriKitUI" */ = {
			isa = XCConfigurationList;
			buildConfigurations = (
				AEA70E1A2A1E145200966118 /* Debug */,
				AEA70E1B2A1E145200966118 /* Release */,
			);
			defaultConfigurationIsVisible = 0;
			defaultConfigurationName = Release;
		};
/* End XCConfigurationList section */
	};
	rootObject = 30127DBF24DE506300576F65 /* Project object */;
}
